PODS:
  - Crashlytics (3.6.0):
    - Fabric (~> 1.6.3)
  - EasyTipView (0.1.4)
  - Fabric (1.6.5)
  - Flurry-iOS-SDK/FlurrySDK (7.3.0)
  - Google-Mobile-Ads-SDK (7.6.0)
  - Material (1.30.2)
  - R.swift (1.2.0):
    - R.swift.Library (~> 1.0.1)
  - R.swift.Library (1.0.1)
  - Realm (0.98.0):
    - Realm/Headers (= 0.98.0)
  - Realm/Headers (0.98.0)
  - RealmSwift (0.98.0):
    - Realm (= 0.98.0)
  - RMUniversalAlert (0.7):
    - RMUniversalAlert/Core (= 0.7)
  - RMUniversalAlert/Core (0.7):
    - UIActionSheet+Blocks (>= 0.9)
    - UIAlertController+Blocks (>= 0.9)
    - UIAlertView+Blocks (>= 0.9)
  - UIActionSheet+Blocks (0.9)
  - UIAlertController+Blocks (0.9)
  - UIAlertView+Blocks (0.9)

DEPENDENCIES:
  - Crashlytics
  - EasyTipView (~> 0.1.0)
  - Fabric
  - Flurry-iOS-SDK/FlurrySDK
  - Google-Mobile-Ads-SDK (~> 7.0)
  - Material (~> 1.0)
  - R.swift
  - RealmSwift
  - RMUniversalAlert

SPEC CHECKSUMS:
  Crashlytics: e4e8d02914f2608fbc7bf42b1a7af838b0db67a2
  EasyTipView: 8938007882416faf655d40bd7b0b83bf73783724
  Fabric: 338ffd3c2afcab120638907b4251189de9ad17b3
  Flurry-iOS-SDK: 054befae0fa0244fb000985bfe757d70f87a9f60
  Google-Mobile-Ads-SDK: 0290020329c61183c4685304264b73382bc49fb4
  Material: 0fab7c03df67f778716b0c1eed28c4d8562ccde3
  R.swift: 6cce30887fc8dc3d2185a71c56ed3f1bdbdedf8c
  R.swift.Library: 801000362d9af80918d16c4de31ddf819e003e03
  Realm: 28efc598b8b1b378d27a222d9fc037a29ae68642
  RealmSwift: 7ef4b9ee449d711cd5a7d69a3af1cc5cd0efb619
  RMUniversalAlert: bce2ca406c24065b76665725c83e48006e8f65f8
  UIActionSheet+Blocks: e180b7dad0a721ab7f212ac9742af799008bb358
  UIAlertController+Blocks: b48c673ff60726da468b32ab21bbc7683512d45b
  UIAlertView+Blocks: a46c99c5144f6c5dbc7d62fd2a0678daceec89a3

COCOAPODS: 0.39.0
