// !$*UTF8*$!
{
	archiveVersion = 1;
	classes = {
	};
	objectVersion = 46;
	objects = {

/* Begin PBXBuildFile section */
		239A4C194F64C2FB911A3923 /* Pods.framework in Frameworks */ = {isa = PBXBuildFile; fileRef = A4D54223E4FC76CA2CE0A0D5 /* Pods.framework */; settings = {ATTRIBUTES = (Required, ); }; };
		629287A3549987FE9D188A9A /* Pods_ObservationDiary.framework in Frameworks */ = {isa = PBXBuildFile; fileRef = F63331DA03D1714C30BE0A20 /* Pods_ObservationDiary.framework */; settings = {ATTRIBUTES = (Required, ); }; };
		9306DC3D1C5594CC00F98F71 /* TargetTableViewCell.swift in Sources */ = {isa = PBXBuildFile; fileRef = 935996311BD5EDC20047EE9F /* TargetTableViewCell.swift */; };
		9306DC3E1C5594D600F98F71 /* TargetViewController.swift in Sources */ = {isa = PBXBuildFile; fileRef = 9359960F1BD5AB8C0047EE9F /* TargetViewController.swift */; };
		9306DC3F1C5594D800F98F71 /* TargetViewController+UITextFieldDelegate.swift in Sources */ = {isa = PBXBuildFile; fileRef = 933CD8BC1C222C3900CBD3D3 /* TargetViewController+UITextFieldDelegate.swift */; };
		9306DC411C5594DE00F98F71 /* PhotoContainerViewController.swift in Sources */ = {isa = PBXBuildFile; fileRef = 937F419A1BFFF0BD00DF2D80 /* PhotoContainerViewController.swift */; };
		9306DC421C5594E100F98F71 /* PhotoContainerViewController+TableViewDelegate.swift in Sources */ = {isa = PBXBuildFile; fileRef = 930763DC1C12FAA900135834 /* PhotoContainerViewController+TableViewDelegate.swift */; };
		9306DC431C5594E300F98F71 /* PhotoContainerViewController+TableViewDataSource.swift in Sources */ = {isa = PBXBuildFile; fileRef = 930763DE1C12FB6400135834 /* PhotoContainerViewController+TableViewDataSource.swift */; };
		9306DC441C5594E600F98F71 /* PhotoTableViewCell.swift in Sources */ = {isa = PBXBuildFile; fileRef = 931165BE1BD6459400F1D32D /* PhotoTableViewCell.swift */; };
		9306DC451C5594E800F98F71 /* PhotoViewController.swift in Sources */ = {isa = PBXBuildFile; fileRef = 939EBF811BDB4A3F00436BC0 /* PhotoViewController.swift */; };
		9306DC461C5594EA00F98F71 /* CameraViewController.swift in Sources */ = {isa = PBXBuildFile; fileRef = 936505AA1BE4843200A824E0 /* CameraViewController.swift */; };
		9306DC471C5594EC00F98F71 /* VideoPlayerViewController.swift in Sources */ = {isa = PBXBuildFile; fileRef = 93DBDBAC1BF9E19300E96148 /* VideoPlayerViewController.swift */; };
		9306DC4A1C5594F300F98F71 /* Tour.swift in Sources */ = {isa = PBXBuildFile; fileRef = 93429CB61C0531A90082D85F /* Tour.swift */; };
		9306DC4B1C5594F500F98F71 /* Constants.swift in Sources */ = {isa = PBXBuildFile; fileRef = 9368DD4B1BEB9E5700F6E034 /* Constants.swift */; };
		9306DC4E1C5594FE00F98F71 /* TJColorExtensions.swift in Sources */ = {isa = PBXBuildFile; fileRef = 9307642B1C1794E200135834 /* TJColorExtensions.swift */; };
		9306DC4F1C55950000F98F71 /* TJViewExtensions.swift in Sources */ = {isa = PBXBuildFile; fileRef = 9307642D1C17952E00135834 /* TJViewExtensions.swift */; };
		9306DC501C55950300F98F71 /* ModelBase.swift in Sources */ = {isa = PBXBuildFile; fileRef = 930763E01C12FD7100135834 /* ModelBase.swift */; };
		9306DC511C55950600F98F71 /* Photo.swift in Sources */ = {isa = PBXBuildFile; fileRef = 930763E51C12FE0200135834 /* Photo.swift */; };
		9306DC521C55950800F98F71 /* Target.swift in Sources */ = {isa = PBXBuildFile; fileRef = 930763E31C12FDC500135834 /* Target.swift */; };
		9306DC541C55950D00F98F71 /* DateUtility.swift in Sources */ = {isa = PBXBuildFile; fileRef = 93DBDBA61BF83A3F00E96148 /* DateUtility.swift */; };
		9306DC551C55951000F98F71 /* TableUtility.swift in Sources */ = {isa = PBXBuildFile; fileRef = 93E0F8761C009B8A00BA5EEA /* TableUtility.swift */; };
		9306DC561C55951300F98F71 /* MediaUtility.swift in Sources */ = {isa = PBXBuildFile; fileRef = 933CD8C81C23763900CBD3D3 /* MediaUtility.swift */; };
		9306DC571C55951600F98F71 /* PhotoUtility.swift in Sources */ = {isa = PBXBuildFile; fileRef = 936505A61BDF1FEF00A824E0 /* PhotoUtility.swift */; };
		9306DC581C55951800F98F71 /* VideoUtility.swift in Sources */ = {isa = PBXBuildFile; fileRef = 930763E81C12FEA900135834 /* VideoUtility.swift */; };
		9306DC5B1C55952100F98F71 /* R.generated.swift in Sources */ = {isa = PBXBuildFile; fileRef = 935F627C1C50528E00271DD8 /* R.generated.swift */; };
		9306DC5C1C55952400F98F71 /* Assets.xcassets in Resources */ = {isa = PBXBuildFile; fileRef = 935996141BD5AB8C0047EE9F /* Assets.xcassets */; };
		9306DC811C5599C800F98F71 /* R.generated.swift in Sources */ = {isa = PBXBuildFile; fileRef = 935F627C1C50528E00271DD8 /* R.generated.swift */; };
		9306DC821C5599CC00F98F71 /* Assets.xcassets in Resources */ = {isa = PBXBuildFile; fileRef = 935996141BD5AB8C0047EE9F /* Assets.xcassets */; };
		9306DC831C564DC400F98F71 /* Podfile in Resources */ = {isa = PBXBuildFile; fileRef = 9353CC731BDA127A00EAFCD6 /* Podfile */; };
		9306DC841C564DC500F98F71 /* Podfile in Resources */ = {isa = PBXBuildFile; fileRef = 9353CC731BDA127A00EAFCD6 /* Podfile */; };
		9306DC8A1C564F2E00F98F71 /* LoadingProxy.swift in Sources */ = {isa = PBXBuildFile; fileRef = 93DBDBAE1BFB66AC00E96148 /* LoadingProxy.swift */; };
		9306DC8B1C564F3100F98F71 /* LoadingOverlay.swift in Sources */ = {isa = PBXBuildFile; fileRef = 93CD87691BF69818003F836B /* LoadingOverlay.swift */; };
		930763DD1C12FAA900135834 /* PhotoContainerViewController+TableViewDelegate.swift in Sources */ = {isa = PBXBuildFile; fileRef = 930763DC1C12FAA900135834 /* PhotoContainerViewController+TableViewDelegate.swift */; };
		930763DF1C12FB6400135834 /* PhotoContainerViewController+TableViewDataSource.swift in Sources */ = {isa = PBXBuildFile; fileRef = 930763DE1C12FB6400135834 /* PhotoContainerViewController+TableViewDataSource.swift */; };
		930763E11C12FD7100135834 /* ModelBase.swift in Sources */ = {isa = PBXBuildFile; fileRef = 930763E01C12FD7100135834 /* ModelBase.swift */; };
		930763E41C12FDC500135834 /* Target.swift in Sources */ = {isa = PBXBuildFile; fileRef = 930763E31C12FDC500135834 /* Target.swift */; };
		930763E61C12FE0200135834 /* Photo.swift in Sources */ = {isa = PBXBuildFile; fileRef = 930763E51C12FE0200135834 /* Photo.swift */; };
		930763E91C12FEA900135834 /* VideoUtility.swift in Sources */ = {isa = PBXBuildFile; fileRef = 930763E81C12FEA900135834 /* VideoUtility.swift */; };
		9307642C1C1794E200135834 /* TJColorExtensions.swift in Sources */ = {isa = PBXBuildFile; fileRef = 9307642B1C1794E200135834 /* TJColorExtensions.swift */; };
		9307642E1C17952E00135834 /* TJViewExtensions.swift in Sources */ = {isa = PBXBuildFile; fileRef = 9307642D1C17952E00135834 /* TJViewExtensions.swift */; };
		930764461C18E81100135834 /* TargetContainerViewController.swift in Sources */ = {isa = PBXBuildFile; fileRef = 930764451C18E81100135834 /* TargetContainerViewController.swift */; };
		930764481C18EE4800135834 /* TargetContainerViewController+TableViewDataSource.swift in Sources */ = {isa = PBXBuildFile; fileRef = 930764471C18EE4800135834 /* TargetContainerViewController+TableViewDataSource.swift */; };
		931165BF1BD6459400F1D32D /* PhotoTableViewCell.swift in Sources */ = {isa = PBXBuildFile; fileRef = 931165BE1BD6459400F1D32D /* PhotoTableViewCell.swift */; };
		933CD8BD1C222C3900CBD3D3 /* TargetViewController+UITextFieldDelegate.swift in Sources */ = {isa = PBXBuildFile; fileRef = 933CD8BC1C222C3900CBD3D3 /* TargetViewController+UITextFieldDelegate.swift */; };
		933CD8C51C22CFFE00CBD3D3 /* VideoUtilityTests.swift in Sources */ = {isa = PBXBuildFile; fileRef = 933CD8C41C22CFFE00CBD3D3 /* VideoUtilityTests.swift */; };
		933CD8C71C23749300CBD3D3 /* PhotoUtilityTests.swift in Sources */ = {isa = PBXBuildFile; fileRef = 933CD8C61C23749300CBD3D3 /* PhotoUtilityTests.swift */; };
		933CD8C91C23763900CBD3D3 /* MediaUtility.swift in Sources */ = {isa = PBXBuildFile; fileRef = 933CD8C81C23763900CBD3D3 /* MediaUtility.swift */; };
		93429CB71C0531A90082D85F /* Tour.swift in Sources */ = {isa = PBXBuildFile; fileRef = 93429CB61C0531A90082D85F /* Tour.swift */; };
		934C62C31C67095500EF4C0D /* NavBarButton.swift in Sources */ = {isa = PBXBuildFile; fileRef = 934C62C21C67095500EF4C0D /* NavBarButton.swift */; };
		934C62C41C670A0B00EF4C0D /* NavBarButton.swift in Sources */ = {isa = PBXBuildFile; fileRef = 934C62C21C67095500EF4C0D /* NavBarButton.swift */; };
		934C62C61C6728F100EF4C0D /* UtilButton.swift in Sources */ = {isa = PBXBuildFile; fileRef = 934C62C51C6728F100EF4C0D /* UtilButton.swift */; };
		934C62C71C6728F100EF4C0D /* UtilButton.swift in Sources */ = {isa = PBXBuildFile; fileRef = 934C62C51C6728F100EF4C0D /* UtilButton.swift */; };
		935383B81C55910100E3FCBD /* StorageTests.swift in Sources */ = {isa = PBXBuildFile; fileRef = 933571831C1BD2AB00F9D948 /* StorageTests.swift */; };
		935383BA1C55916300E3FCBD /* MediaUtilityTests.swift in Sources */ = {isa = PBXBuildFile; fileRef = 933CD8CB1C23799A00CBD3D3 /* MediaUtilityTests.swift */; };
		9353CC741BDA127A00EAFCD6 /* Podfile in Resources */ = {isa = PBXBuildFile; fileRef = 9353CC731BDA127A00EAFCD6 /* Podfile */; };
		9357D8471C54DFC40051D028 /* TourTests.swift in Sources */ = {isa = PBXBuildFile; fileRef = 93DBC6ED1C1DB01A0078AD62 /* TourTests.swift */; };
		9359960E1BD5AB8C0047EE9F /* AppDelegate.swift in Sources */ = {isa = PBXBuildFile; fileRef = 9359960D1BD5AB8C0047EE9F /* AppDelegate.swift */; };
		935996101BD5AB8C0047EE9F /* TargetViewController.swift in Sources */ = {isa = PBXBuildFile; fileRef = 9359960F1BD5AB8C0047EE9F /* TargetViewController.swift */; };
		935996151BD5AB8C0047EE9F /* Assets.xcassets in Resources */ = {isa = PBXBuildFile; fileRef = 935996141BD5AB8C0047EE9F /* Assets.xcassets */; };
		935996181BD5AB8C0047EE9F /* LaunchScreen.storyboard in Resources */ = {isa = PBXBuildFile; fileRef = 935996161BD5AB8C0047EE9F /* LaunchScreen.storyboard */; };
		935996321BD5EDC20047EE9F /* TargetTableViewCell.swift in Sources */ = {isa = PBXBuildFile; fileRef = 935996311BD5EDC20047EE9F /* TargetTableViewCell.swift */; };
		935F62751C4EF5A600271DD8 /* AlphaControlSlider.swift in Sources */ = {isa = PBXBuildFile; fileRef = 935F62741C4EF5A600271DD8 /* AlphaControlSlider.swift */; };
		935F62791C504AED00271DD8 /* Keys.plist in Resources */ = {isa = PBXBuildFile; fileRef = 935F62781C504AED00271DD8 /* Keys.plist */; };
		935F627D1C50528E00271DD8 /* R.generated.swift in Sources */ = {isa = PBXBuildFile; fileRef = 935F627C1C50528E00271DD8 /* R.generated.swift */; };
		936505A71BDF1FEF00A824E0 /* PhotoUtility.swift in Sources */ = {isa = PBXBuildFile; fileRef = 936505A61BDF1FEF00A824E0 /* PhotoUtility.swift */; };
		936505AB1BE4843300A824E0 /* CameraViewController.swift in Sources */ = {isa = PBXBuildFile; fileRef = 936505AA1BE4843200A824E0 /* CameraViewController.swift */; };
		9368DD4C1BEB9E5700F6E034 /* Constants.swift in Sources */ = {isa = PBXBuildFile; fileRef = 9368DD4B1BEB9E5700F6E034 /* Constants.swift */; };
		9370668C1C66275A00087C9D /* BasicButton.swift in Sources */ = {isa = PBXBuildFile; fileRef = 93AC7BDB1C64D7D800C2826E /* BasicButton.swift */; };
		9370668D1C66276000087C9D /* BaseNavigationBarView.swift in Sources */ = {isa = PBXBuildFile; fileRef = 93AC7BD81C64C9C900C2826E /* BaseNavigationBarView.swift */; };
		9370668E1C66276200087C9D /* FilledButton.swift in Sources */ = {isa = PBXBuildFile; fileRef = 937297251C65E2710007F909 /* FilledButton.swift */; };
		9370668F1C66276400087C9D /* DestroyButton.swift in Sources */ = {isa = PBXBuildFile; fileRef = 937297271C65E5210007F909 /* DestroyButton.swift */; };
		937066901C66276700087C9D /* ImageThumbnailView.swift in Sources */ = {isa = PBXBuildFile; fileRef = 93AC7BDF1C65D42400C2826E /* ImageThumbnailView.swift */; };
		937066911C66276900087C9D /* ModalView.swift in Sources */ = {isa = PBXBuildFile; fileRef = 93AC7BE11C65D62800C2826E /* ModalView.swift */; };
		937066921C66276B00087C9D /* BasicTextField.swift in Sources */ = {isa = PBXBuildFile; fileRef = 93AC7BE31C65D94300C2826E /* BasicTextField.swift */; };
		937066931C6627F400087C9D /* TargetContainerViewController.swift in Sources */ = {isa = PBXBuildFile; fileRef = 930764451C18E81100135834 /* TargetContainerViewController.swift */; };
		937066941C6627F600087C9D /* TargetContainerViewController+TableViewDataSource.swift in Sources */ = {isa = PBXBuildFile; fileRef = 930764471C18EE4800135834 /* TargetContainerViewController+TableViewDataSource.swift */; };
		937066951C66282F00087C9D /* AdViewProtocol.swift in Sources */ = {isa = PBXBuildFile; fileRef = 93E476801C64A62100EF49EF /* AdViewProtocol.swift */; };
		937066961C66287B00087C9D /* UIViewControllerExtension.swift in Sources */ = {isa = PBXBuildFile; fileRef = 93E4767E1C64A5F500EF49EF /* UIViewControllerExtension.swift */; };
		937066971C6628A500087C9D /* UIImageExtension.swift in Sources */ = {isa = PBXBuildFile; fileRef = 93E4767A1C64A59D00EF49EF /* UIImageExtension.swift */; };
		937066981C6628C500087C9D /* KeyManager.swift in Sources */ = {isa = PBXBuildFile; fileRef = 93E476781C64A20400EF49EF /* KeyManager.swift */; };
		937297261C65E2710007F909 /* FilledButton.swift in Sources */ = {isa = PBXBuildFile; fileRef = 937297251C65E2710007F909 /* FilledButton.swift */; };
		937297281C65E5210007F909 /* DestroyButton.swift in Sources */ = {isa = PBXBuildFile; fileRef = 937297271C65E5210007F909 /* DestroyButton.swift */; };
		937E65391C70466C00AB7CC9 /* BasicTextView.swift in Sources */ = {isa = PBXBuildFile; fileRef = 937E65381C70466C00AB7CC9 /* BasicTextView.swift */; };
		937E653A1C70466C00AB7CC9 /* BasicTextView.swift in Sources */ = {isa = PBXBuildFile; fileRef = 937E65381C70466C00AB7CC9 /* BasicTextView.swift */; };
		937E653B1C7532CB00AB7CC9 /* Twitter.swift in Sources */ = {isa = PBXBuildFile; fileRef = 93AD582C1C6F07CF009F3EAE /* Twitter.swift */; };
		937F419B1BFFF0BD00DF2D80 /* PhotoContainerViewController.swift in Sources */ = {isa = PBXBuildFile; fileRef = 937F419A1BFFF0BD00DF2D80 /* PhotoContainerViewController.swift */; };
		939562EC1C1E3792000D90D0 /* DateUtilityTests.swift in Sources */ = {isa = PBXBuildFile; fileRef = 939562EB1C1E3792000D90D0 /* DateUtilityTests.swift */; };
		939562F11C20DB06000D90D0 /* AdView.xib in Resources */ = {isa = PBXBuildFile; fileRef = 939562F01C20DB06000D90D0 /* AdView.xib */; };
		939562F31C20DC04000D90D0 /* AdView.swift in Sources */ = {isa = PBXBuildFile; fileRef = 939562F21C20DC04000D90D0 /* AdView.swift */; };
		939EBF821BDB4A3F00436BC0 /* PhotoViewController.swift in Sources */ = {isa = PBXBuildFile; fileRef = 939EBF811BDB4A3F00436BC0 /* PhotoViewController.swift */; };
		939EBF841BDB5D3400436BC0 /* Main.storyboard in Resources */ = {isa = PBXBuildFile; fileRef = 939EBF831BDB5D3400436BC0 /* Main.storyboard */; };
		93AC7BD91C64C9C900C2826E /* BaseNavigationBarView.swift in Sources */ = {isa = PBXBuildFile; fileRef = 93AC7BD81C64C9C900C2826E /* BaseNavigationBarView.swift */; };
		93AC7BDC1C64D7D800C2826E /* BasicButton.swift in Sources */ = {isa = PBXBuildFile; fileRef = 93AC7BDB1C64D7D800C2826E /* BasicButton.swift */; };
		93AC7BE01C65D42400C2826E /* ImageThumbnailView.swift in Sources */ = {isa = PBXBuildFile; fileRef = 93AC7BDF1C65D42400C2826E /* ImageThumbnailView.swift */; };
		93AC7BE21C65D62800C2826E /* ModalView.swift in Sources */ = {isa = PBXBuildFile; fileRef = 93AC7BE11C65D62800C2826E /* ModalView.swift */; };
		93AC7BE41C65D94300C2826E /* BasicTextField.swift in Sources */ = {isa = PBXBuildFile; fileRef = 93AC7BE31C65D94300C2826E /* BasicTextField.swift */; };
		93AD582A1C6F07A4009F3EAE /* Social.framework in Frameworks */ = {isa = PBXBuildFile; fileRef = 93AD58291C6F07A4009F3EAE /* Social.framework */; };
		93AD582D1C6F07CF009F3EAE /* Twitter.swift in Sources */ = {isa = PBXBuildFile; fileRef = 93AD582C1C6F07CF009F3EAE /* Twitter.swift */; };
		93AD582F1C6F08D9009F3EAE /* Accounts.framework in Frameworks */ = {isa = PBXBuildFile; fileRef = 93AD582E1C6F08D9009F3EAE /* Accounts.framework */; };
		93AD58321C6F2AED009F3EAE /* ShareMovie.storyboard in Resources */ = {isa = PBXBuildFile; fileRef = 93AD58311C6F2AED009F3EAE /* ShareMovie.storyboard */; };
		93AD58341C6F2B08009F3EAE /* ShareMovieViewController.swift in Sources */ = {isa = PBXBuildFile; fileRef = 93AD58331C6F2B08009F3EAE /* ShareMovieViewController.swift */; };
		93AD58351C6F2CEE009F3EAE /* ShareMovie.storyboard in Resources */ = {isa = PBXBuildFile; fileRef = 93AD58311C6F2AED009F3EAE /* ShareMovie.storyboard */; };
		93AD58361C6F2D1A009F3EAE /* ShareMovieViewController.swift in Sources */ = {isa = PBXBuildFile; fileRef = 93AD58331C6F2B08009F3EAE /* ShareMovieViewController.swift */; };
		93C7FDA11BDA7B7A00AC1A3D /* StorageProtocol.swift in Sources */ = {isa = PBXBuildFile; fileRef = 93C7FDA01BDA7B7A00AC1A3D /* StorageProtocol.swift */; };
		93C7FDA31BDA89F200AC1A3D /* Storage.swift in Sources */ = {isa = PBXBuildFile; fileRef = 93C7FDA21BDA89F200AC1A3D /* Storage.swift */; };
		93CD876A1BF69818003F836B /* LoadingOverlay.swift in Sources */ = {isa = PBXBuildFile; fileRef = 93CD87691BF69818003F836B /* LoadingOverlay.swift */; };
		93D9074B1C7971EE00524637 /* ShareMovieViewController+TextViewDelegate.swift in Sources */ = {isa = PBXBuildFile; fileRef = 93D9074A1C7971EE00524637 /* ShareMovieViewController+TextViewDelegate.swift */; };
		93D9074D1C79727F00524637 /* ShareMovieViewController+PickerViewDelegate+DataSource.swift in Sources */ = {isa = PBXBuildFile; fileRef = 93D9074C1C79727F00524637 /* ShareMovieViewController+PickerViewDelegate+DataSource.swift */; };
		93D9074E1C7972CB00524637 /* ShareMovieViewController+TextViewDelegate.swift in Sources */ = {isa = PBXBuildFile; fileRef = 93D9074A1C7971EE00524637 /* ShareMovieViewController+TextViewDelegate.swift */; };
		93D9074F1C7972CD00524637 /* ShareMovieViewController+PickerViewDelegate+DataSource.swift in Sources */ = {isa = PBXBuildFile; fileRef = 93D9074C1C79727F00524637 /* ShareMovieViewController+PickerViewDelegate+DataSource.swift */; };
		93D907511C79962C00524637 /* VideoPlayerOverlayViewController.swift in Sources */ = {isa = PBXBuildFile; fileRef = 93D907501C79962C00524637 /* VideoPlayerOverlayViewController.swift */; };
		93D907531C79969E00524637 /* VideoPlayerOverlay.storyboard in Resources */ = {isa = PBXBuildFile; fileRef = 93D907521C79969E00524637 /* VideoPlayerOverlay.storyboard */; };
		93D907541C79969E00524637 /* VideoPlayerOverlay.storyboard in Resources */ = {isa = PBXBuildFile; fileRef = 93D907521C79969E00524637 /* VideoPlayerOverlay.storyboard */; };
		93D907561C79A34100524637 /* VideoPlayerOverlayViewController.swift in Sources */ = {isa = PBXBuildFile; fileRef = 93D907501C79962C00524637 /* VideoPlayerOverlayViewController.swift */; };
		93D907611C7D18B800524637 /* BaseScrollView.swift in Sources */ = {isa = PBXBuildFile; fileRef = 93D907601C7D18B800524637 /* BaseScrollView.swift */; };
		93D907621C7D18B800524637 /* BaseScrollView.swift in Sources */ = {isa = PBXBuildFile; fileRef = 93D907601C7D18B800524637 /* BaseScrollView.swift */; };
		93DBDBA71BF83A3F00E96148 /* DateUtility.swift in Sources */ = {isa = PBXBuildFile; fileRef = 93DBDBA61BF83A3F00E96148 /* DateUtility.swift */; };
		93DBDBAD1BF9E19300E96148 /* VideoPlayerViewController.swift in Sources */ = {isa = PBXBuildFile; fileRef = 93DBDBAC1BF9E19300E96148 /* VideoPlayerViewController.swift */; };
		93DBDBAF1BFB66AC00E96148 /* LoadingProxy.swift in Sources */ = {isa = PBXBuildFile; fileRef = 93DBDBAE1BFB66AC00E96148 /* LoadingProxy.swift */; };
		93DDA1421C2B5BDE00B27FCF /* ObservationDiaryUITests.swift in Sources */ = {isa = PBXBuildFile; fileRef = 93DDA1411C2B5BDE00B27FCF /* ObservationDiaryUITests.swift */; };
		93E0F8771C009B8A00BA5EEA /* TableUtility.swift in Sources */ = {isa = PBXBuildFile; fileRef = 93E0F8761C009B8A00BA5EEA /* TableUtility.swift */; };
		93E476791C64A20400EF49EF /* KeyManager.swift in Sources */ = {isa = PBXBuildFile; fileRef = 93E476781C64A20400EF49EF /* KeyManager.swift */; };
		93E4767B1C64A59D00EF49EF /* UIImageExtension.swift in Sources */ = {isa = PBXBuildFile; fileRef = 93E4767A1C64A59D00EF49EF /* UIImageExtension.swift */; };
		93E4767D1C64A5CE00EF49EF /* NSDateExtension.swift in Sources */ = {isa = PBXBuildFile; fileRef = 93E4767C1C64A5CE00EF49EF /* NSDateExtension.swift */; };
		93E4767F1C64A5F500EF49EF /* UIViewControllerExtension.swift in Sources */ = {isa = PBXBuildFile; fileRef = 93E4767E1C64A5F500EF49EF /* UIViewControllerExtension.swift */; };
		93E476811C64A62100EF49EF /* AdViewProtocol.swift in Sources */ = {isa = PBXBuildFile; fileRef = 93E476801C64A62100EF49EF /* AdViewProtocol.swift */; };
		93FC47CE1C56613C006C580A /* Storage.swift in Sources */ = {isa = PBXBuildFile; fileRef = 93C7FDA21BDA89F200AC1A3D /* Storage.swift */; };
		93FC47CF1C56613E006C580A /* StorageProtocol.swift in Sources */ = {isa = PBXBuildFile; fileRef = 93C7FDA01BDA7B7A00AC1A3D /* StorageProtocol.swift */; };
		93FC47D01C56DD29006C580A /* AlphaControlSlider.swift in Sources */ = {isa = PBXBuildFile; fileRef = 935F62741C4EF5A600271DD8 /* AlphaControlSlider.swift */; };
		93FC47D11C56DE52006C580A /* AdView.swift in Sources */ = {isa = PBXBuildFile; fileRef = 939562F21C20DC04000D90D0 /* AdView.swift */; };
		979B8C8B2C81E392DA769808 /* Pods_ObservationDiaryUITests.framework in Frameworks */ = {isa = PBXBuildFile; fileRef = 9EE38BCC6DA7C302BAC7B958 /* Pods_ObservationDiaryUITests.framework */; };
		F546FF9110138BB34C68AE7B /* Pods_ObservationDiaryTests.framework in Frameworks */ = {isa = PBXBuildFile; fileRef = 70B7F8D78F86A4292EBA3004 /* Pods_ObservationDiaryTests.framework */; };
/* End PBXBuildFile section */

/* Begin PBXContainerItemProxy section */
		9359961F1BD5AB8D0047EE9F /* PBXContainerItemProxy */ = {
			isa = PBXContainerItemProxy;
			containerPortal = 935996021BD5AB8C0047EE9F /* Project object */;
			proxyType = 1;
			remoteGlobalIDString = 935996091BD5AB8C0047EE9F;
			remoteInfo = PhotoLogger;
		};
		93DDA1441C2B5BDE00B27FCF /* PBXContainerItemProxy */ = {
			isa = PBXContainerItemProxy;
			containerPortal = 935996021BD5AB8C0047EE9F /* Project object */;
			proxyType = 1;
			remoteGlobalIDString = 935996091BD5AB8C0047EE9F;
			remoteInfo = ObservationDiary;
		};
/* End PBXContainerItemProxy section */

/* Begin PBXCopyFilesBuildPhase section */
		932D922B1BD8ABF4007AEBF0 /* Embed Frameworks */ = {
			isa = PBXCopyFilesBuildPhase;
			buildActionMask = 2147483647;
			dstPath = "";
			dstSubfolderSpec = 10;
			files = (
			);
			name = "Embed Frameworks";
			runOnlyForDeploymentPostprocessing = 0;
		};
/* End PBXCopyFilesBuildPhase section */

/* Begin PBXFileReference section */
		390F77A9198F4BA4A8E66694 /* Pods-ObservationDiaryUITests.release.xcconfig */ = {isa = PBXFileReference; includeInIndex = 1; lastKnownFileType = text.xcconfig; name = "Pods-ObservationDiaryUITests.release.xcconfig"; path = "Pods/Target Support Files/Pods-ObservationDiaryUITests/Pods-ObservationDiaryUITests.release.xcconfig"; sourceTree = "<group>"; };
		492079B1A99C6DDE48231E4D /* Pods-ObservationDiaryTests.release.xcconfig */ = {isa = PBXFileReference; includeInIndex = 1; lastKnownFileType = text.xcconfig; name = "Pods-ObservationDiaryTests.release.xcconfig"; path = "Pods/Target Support Files/Pods-ObservationDiaryTests/Pods-ObservationDiaryTests.release.xcconfig"; sourceTree = "<group>"; };
		70B7F8D78F86A4292EBA3004 /* Pods_ObservationDiaryTests.framework */ = {isa = PBXFileReference; explicitFileType = wrapper.framework; includeInIndex = 0; path = Pods_ObservationDiaryTests.framework; sourceTree = BUILT_PRODUCTS_DIR; };
		786730243BD3F6AB47A9A35E /* Pods-ObservationDiary.release.xcconfig */ = {isa = PBXFileReference; includeInIndex = 1; lastKnownFileType = text.xcconfig; name = "Pods-ObservationDiary.release.xcconfig"; path = "Pods/Target Support Files/Pods-ObservationDiary/Pods-ObservationDiary.release.xcconfig"; sourceTree = "<group>"; };
		8C40873B2A71B70A74A79743 /* Pods-ObservationDiary.debug.xcconfig */ = {isa = PBXFileReference; includeInIndex = 1; lastKnownFileType = text.xcconfig; name = "Pods-ObservationDiary.debug.xcconfig"; path = "Pods/Target Support Files/Pods-ObservationDiary/Pods-ObservationDiary.debug.xcconfig"; sourceTree = "<group>"; };
		930763DC1C12FAA900135834 /* PhotoContainerViewController+TableViewDelegate.swift */ = {isa = PBXFileReference; fileEncoding = 4; lastKnownFileType = sourcecode.swift; path = "PhotoContainerViewController+TableViewDelegate.swift"; sourceTree = "<group>"; };
		930763DE1C12FB6400135834 /* PhotoContainerViewController+TableViewDataSource.swift */ = {isa = PBXFileReference; fileEncoding = 4; lastKnownFileType = sourcecode.swift; path = "PhotoContainerViewController+TableViewDataSource.swift"; sourceTree = "<group>"; };
		930763E01C12FD7100135834 /* ModelBase.swift */ = {isa = PBXFileReference; fileEncoding = 4; lastKnownFileType = sourcecode.swift; path = ModelBase.swift; sourceTree = "<group>"; };
		930763E31C12FDC500135834 /* Target.swift */ = {isa = PBXFileReference; fileEncoding = 4; lastKnownFileType = sourcecode.swift; path = Target.swift; sourceTree = "<group>"; };
		930763E51C12FE0200135834 /* Photo.swift */ = {isa = PBXFileReference; fileEncoding = 4; lastKnownFileType = sourcecode.swift; path = Photo.swift; sourceTree = "<group>"; };
		930763E81C12FEA900135834 /* VideoUtility.swift */ = {isa = PBXFileReference; fileEncoding = 4; lastKnownFileType = sourcecode.swift; path = VideoUtility.swift; sourceTree = "<group>"; };
		9307642B1C1794E200135834 /* TJColorExtensions.swift */ = {isa = PBXFileReference; fileEncoding = 4; lastKnownFileType = sourcecode.swift; path = TJColorExtensions.swift; sourceTree = "<group>"; };
		9307642D1C17952E00135834 /* TJViewExtensions.swift */ = {isa = PBXFileReference; fileEncoding = 4; lastKnownFileType = sourcecode.swift; path = TJViewExtensions.swift; sourceTree = "<group>"; };
		930764451C18E81100135834 /* TargetContainerViewController.swift */ = {isa = PBXFileReference; fileEncoding = 4; lastKnownFileType = sourcecode.swift; path = TargetContainerViewController.swift; sourceTree = "<group>"; };
		930764471C18EE4800135834 /* TargetContainerViewController+TableViewDataSource.swift */ = {isa = PBXFileReference; fileEncoding = 4; lastKnownFileType = sourcecode.swift; path = "TargetContainerViewController+TableViewDataSource.swift"; sourceTree = "<group>"; };
		931165BE1BD6459400F1D32D /* PhotoTableViewCell.swift */ = {isa = PBXFileReference; fileEncoding = 4; lastKnownFileType = sourcecode.swift; path = PhotoTableViewCell.swift; sourceTree = "<group>"; };
		933571831C1BD2AB00F9D948 /* StorageTests.swift */ = {isa = PBXFileReference; fileEncoding = 4; lastKnownFileType = sourcecode.swift; path = StorageTests.swift; sourceTree = "<group>"; };
		933CD8BC1C222C3900CBD3D3 /* TargetViewController+UITextFieldDelegate.swift */ = {isa = PBXFileReference; fileEncoding = 4; lastKnownFileType = sourcecode.swift; path = "TargetViewController+UITextFieldDelegate.swift"; sourceTree = "<group>"; };
		933CD8C41C22CFFE00CBD3D3 /* VideoUtilityTests.swift */ = {isa = PBXFileReference; fileEncoding = 4; lastKnownFileType = sourcecode.swift; path = VideoUtilityTests.swift; sourceTree = "<group>"; };
		933CD8C61C23749300CBD3D3 /* PhotoUtilityTests.swift */ = {isa = PBXFileReference; fileEncoding = 4; lastKnownFileType = sourcecode.swift; path = PhotoUtilityTests.swift; sourceTree = "<group>"; };
		933CD8C81C23763900CBD3D3 /* MediaUtility.swift */ = {isa = PBXFileReference; fileEncoding = 4; lastKnownFileType = sourcecode.swift; path = MediaUtility.swift; sourceTree = "<group>"; };
		933CD8CB1C23799A00CBD3D3 /* MediaUtilityTests.swift */ = {isa = PBXFileReference; fileEncoding = 4; lastKnownFileType = sourcecode.swift; path = MediaUtilityTests.swift; sourceTree = "<group>"; };
		93429CB61C0531A90082D85F /* Tour.swift */ = {isa = PBXFileReference; fileEncoding = 4; lastKnownFileType = sourcecode.swift; path = Tour.swift; sourceTree = "<group>"; };
		934C62C21C67095500EF4C0D /* NavBarButton.swift */ = {isa = PBXFileReference; fileEncoding = 4; lastKnownFileType = sourcecode.swift; path = NavBarButton.swift; sourceTree = "<group>"; };
		934C62C51C6728F100EF4C0D /* UtilButton.swift */ = {isa = PBXFileReference; fileEncoding = 4; lastKnownFileType = sourcecode.swift; path = UtilButton.swift; sourceTree = "<group>"; };
		9353CC731BDA127A00EAFCD6 /* Podfile */ = {isa = PBXFileReference; fileEncoding = 4; lastKnownFileType = text; path = Podfile; sourceTree = "<group>"; xcLanguageSpecificationIdentifier = xcode.lang.ruby; };
		9359960A1BD5AB8C0047EE9F /* ObservationDiary.app */ = {isa = PBXFileReference; explicitFileType = wrapper.application; includeInIndex = 0; path = ObservationDiary.app; sourceTree = BUILT_PRODUCTS_DIR; };
		9359960D1BD5AB8C0047EE9F /* AppDelegate.swift */ = {isa = PBXFileReference; lastKnownFileType = sourcecode.swift; path = AppDelegate.swift; sourceTree = "<group>"; };
		9359960F1BD5AB8C0047EE9F /* TargetViewController.swift */ = {isa = PBXFileReference; lastKnownFileType = sourcecode.swift; path = TargetViewController.swift; sourceTree = "<group>"; };
		935996141BD5AB8C0047EE9F /* Assets.xcassets */ = {isa = PBXFileReference; lastKnownFileType = folder.assetcatalog; path = Assets.xcassets; sourceTree = "<group>"; };
		935996171BD5AB8C0047EE9F /* Base */ = {isa = PBXFileReference; lastKnownFileType = file.storyboard; name = Base; path = Base.lproj/LaunchScreen.storyboard; sourceTree = "<group>"; };
		935996191BD5AB8C0047EE9F /* Info.plist */ = {isa = PBXFileReference; lastKnownFileType = text.plist.xml; path = Info.plist; sourceTree = "<group>"; };
		9359961E1BD5AB8D0047EE9F /* ObservationDiary.xctest */ = {isa = PBXFileReference; explicitFileType = wrapper.cfbundle; includeInIndex = 0; path = ObservationDiary.xctest; sourceTree = BUILT_PRODUCTS_DIR; };
		935996241BD5AB8D0047EE9F /* Info.plist */ = {isa = PBXFileReference; lastKnownFileType = text.plist.xml; path = Info.plist; sourceTree = "<group>"; };
		935996311BD5EDC20047EE9F /* TargetTableViewCell.swift */ = {isa = PBXFileReference; fileEncoding = 4; lastKnownFileType = sourcecode.swift; path = TargetTableViewCell.swift; sourceTree = "<group>"; };
		935F62741C4EF5A600271DD8 /* AlphaControlSlider.swift */ = {isa = PBXFileReference; fileEncoding = 4; lastKnownFileType = sourcecode.swift; path = AlphaControlSlider.swift; sourceTree = "<group>"; };
		935F62781C504AED00271DD8 /* Keys.plist */ = {isa = PBXFileReference; lastKnownFileType = text.plist; path = Keys.plist; sourceTree = "<group>"; };
		935F627C1C50528E00271DD8 /* R.generated.swift */ = {isa = PBXFileReference; fileEncoding = 4; lastKnownFileType = sourcecode.swift; path = R.generated.swift; sourceTree = SOURCE_ROOT; };
		936505A61BDF1FEF00A824E0 /* PhotoUtility.swift */ = {isa = PBXFileReference; fileEncoding = 4; lastKnownFileType = sourcecode.swift; path = PhotoUtility.swift; sourceTree = "<group>"; };
		936505AA1BE4843200A824E0 /* CameraViewController.swift */ = {isa = PBXFileReference; fileEncoding = 4; lastKnownFileType = sourcecode.swift; path = CameraViewController.swift; sourceTree = "<group>"; };
		9368DD4B1BEB9E5700F6E034 /* Constants.swift */ = {isa = PBXFileReference; fileEncoding = 4; lastKnownFileType = sourcecode.swift; path = Constants.swift; sourceTree = "<group>"; };
		937297251C65E2710007F909 /* FilledButton.swift */ = {isa = PBXFileReference; fileEncoding = 4; lastKnownFileType = sourcecode.swift; path = FilledButton.swift; sourceTree = "<group>"; };
		937297271C65E5210007F909 /* DestroyButton.swift */ = {isa = PBXFileReference; fileEncoding = 4; lastKnownFileType = sourcecode.swift; path = DestroyButton.swift; sourceTree = "<group>"; };
		937E65381C70466C00AB7CC9 /* BasicTextView.swift */ = {isa = PBXFileReference; fileEncoding = 4; lastKnownFileType = sourcecode.swift; path = BasicTextView.swift; sourceTree = "<group>"; };
		937F41981BFD440C00DF2D80 /* iAd.framework */ = {isa = PBXFileReference; lastKnownFileType = wrapper.framework; name = iAd.framework; path = System/Library/Frameworks/iAd.framework; sourceTree = SDKROOT; };
		937F419A1BFFF0BD00DF2D80 /* PhotoContainerViewController.swift */ = {isa = PBXFileReference; fileEncoding = 4; lastKnownFileType = sourcecode.swift; path = PhotoContainerViewController.swift; sourceTree = "<group>"; };
		939562EB1C1E3792000D90D0 /* DateUtilityTests.swift */ = {isa = PBXFileReference; fileEncoding = 4; lastKnownFileType = sourcecode.swift; path = DateUtilityTests.swift; sourceTree = "<group>"; };
		939562F01C20DB06000D90D0 /* AdView.xib */ = {isa = PBXFileReference; fileEncoding = 4; lastKnownFileType = file.xib; path = AdView.xib; sourceTree = "<group>"; };
		939562F21C20DC04000D90D0 /* AdView.swift */ = {isa = PBXFileReference; fileEncoding = 4; lastKnownFileType = sourcecode.swift; path = AdView.swift; sourceTree = "<group>"; };
		939EBF811BDB4A3F00436BC0 /* PhotoViewController.swift */ = {isa = PBXFileReference; fileEncoding = 4; lastKnownFileType = sourcecode.swift; path = PhotoViewController.swift; sourceTree = "<group>"; };
		939EBF831BDB5D3400436BC0 /* Main.storyboard */ = {isa = PBXFileReference; fileEncoding = 4; lastKnownFileType = file.storyboard; path = Main.storyboard; sourceTree = "<group>"; };
		93AC7BD81C64C9C900C2826E /* BaseNavigationBarView.swift */ = {isa = PBXFileReference; fileEncoding = 4; lastKnownFileType = sourcecode.swift; path = BaseNavigationBarView.swift; sourceTree = "<group>"; };
		93AC7BDB1C64D7D800C2826E /* BasicButton.swift */ = {isa = PBXFileReference; fileEncoding = 4; lastKnownFileType = sourcecode.swift; path = BasicButton.swift; sourceTree = "<group>"; };
		93AC7BDF1C65D42400C2826E /* ImageThumbnailView.swift */ = {isa = PBXFileReference; fileEncoding = 4; lastKnownFileType = sourcecode.swift; path = ImageThumbnailView.swift; sourceTree = "<group>"; };
		93AC7BE11C65D62800C2826E /* ModalView.swift */ = {isa = PBXFileReference; fileEncoding = 4; lastKnownFileType = sourcecode.swift; path = ModalView.swift; sourceTree = "<group>"; };
		93AC7BE31C65D94300C2826E /* BasicTextField.swift */ = {isa = PBXFileReference; fileEncoding = 4; lastKnownFileType = sourcecode.swift; path = BasicTextField.swift; sourceTree = "<group>"; };
		93AD58291C6F07A4009F3EAE /* Social.framework */ = {isa = PBXFileReference; lastKnownFileType = wrapper.framework; name = Social.framework; path = System/Library/Frameworks/Social.framework; sourceTree = SDKROOT; };
		93AD582C1C6F07CF009F3EAE /* Twitter.swift */ = {isa = PBXFileReference; fileEncoding = 4; lastKnownFileType = sourcecode.swift; path = Twitter.swift; sourceTree = "<group>"; };
		93AD582E1C6F08D9009F3EAE /* Accounts.framework */ = {isa = PBXFileReference; lastKnownFileType = wrapper.framework; name = Accounts.framework; path = System/Library/Frameworks/Accounts.framework; sourceTree = SDKROOT; };
		93AD58311C6F2AED009F3EAE /* ShareMovie.storyboard */ = {isa = PBXFileReference; fileEncoding = 4; lastKnownFileType = file.storyboard; path = ShareMovie.storyboard; sourceTree = "<group>"; };
		93AD58331C6F2B08009F3EAE /* ShareMovieViewController.swift */ = {isa = PBXFileReference; fileEncoding = 4; lastKnownFileType = sourcecode.swift; path = ShareMovieViewController.swift; sourceTree = "<group>"; };
		93C7FDA01BDA7B7A00AC1A3D /* StorageProtocol.swift */ = {isa = PBXFileReference; fileEncoding = 4; lastKnownFileType = sourcecode.swift; path = StorageProtocol.swift; sourceTree = "<group>"; };
		93C7FDA21BDA89F200AC1A3D /* Storage.swift */ = {isa = PBXFileReference; fileEncoding = 4; lastKnownFileType = sourcecode.swift; path = Storage.swift; sourceTree = "<group>"; };
		93CD87691BF69818003F836B /* LoadingOverlay.swift */ = {isa = PBXFileReference; fileEncoding = 4; lastKnownFileType = sourcecode.swift; path = LoadingOverlay.swift; sourceTree = "<group>"; };
		93D9074A1C7971EE00524637 /* ShareMovieViewController+TextViewDelegate.swift */ = {isa = PBXFileReference; fileEncoding = 4; lastKnownFileType = sourcecode.swift; path = "ShareMovieViewController+TextViewDelegate.swift"; sourceTree = "<group>"; };
		93D9074C1C79727F00524637 /* ShareMovieViewController+PickerViewDelegate+DataSource.swift */ = {isa = PBXFileReference; fileEncoding = 4; lastKnownFileType = sourcecode.swift; path = "ShareMovieViewController+PickerViewDelegate+DataSource.swift"; sourceTree = "<group>"; };
		93D907501C79962C00524637 /* VideoPlayerOverlayViewController.swift */ = {isa = PBXFileReference; fileEncoding = 4; lastKnownFileType = sourcecode.swift; path = VideoPlayerOverlayViewController.swift; sourceTree = "<group>"; };
		93D907521C79969E00524637 /* VideoPlayerOverlay.storyboard */ = {isa = PBXFileReference; fileEncoding = 4; lastKnownFileType = file.storyboard; path = VideoPlayerOverlay.storyboard; sourceTree = "<group>"; };
		93D907601C7D18B800524637 /* BaseScrollView.swift */ = {isa = PBXFileReference; fileEncoding = 4; lastKnownFileType = sourcecode.swift; path = BaseScrollView.swift; sourceTree = "<group>"; };
		93DBC6ED1C1DB01A0078AD62 /* TourTests.swift */ = {isa = PBXFileReference; fileEncoding = 4; lastKnownFileType = sourcecode.swift; path = TourTests.swift; sourceTree = "<group>"; };
		93DBDBA61BF83A3F00E96148 /* DateUtility.swift */ = {isa = PBXFileReference; fileEncoding = 4; lastKnownFileType = sourcecode.swift; path = DateUtility.swift; sourceTree = "<group>"; };
		93DBDBAC1BF9E19300E96148 /* VideoPlayerViewController.swift */ = {isa = PBXFileReference; fileEncoding = 4; lastKnownFileType = sourcecode.swift; path = VideoPlayerViewController.swift; sourceTree = "<group>"; };
		93DBDBAE1BFB66AC00E96148 /* LoadingProxy.swift */ = {isa = PBXFileReference; fileEncoding = 4; lastKnownFileType = sourcecode.swift; path = LoadingProxy.swift; sourceTree = "<group>"; };
		93DDA13F1C2B5BDE00B27FCF /* ObservationDiaryUITests.xctest */ = {isa = PBXFileReference; explicitFileType = wrapper.cfbundle; includeInIndex = 0; path = ObservationDiaryUITests.xctest; sourceTree = BUILT_PRODUCTS_DIR; };
		93DDA1411C2B5BDE00B27FCF /* ObservationDiaryUITests.swift */ = {isa = PBXFileReference; lastKnownFileType = sourcecode.swift; path = ObservationDiaryUITests.swift; sourceTree = "<group>"; };
		93DDA1431C2B5BDE00B27FCF /* Info.plist */ = {isa = PBXFileReference; lastKnownFileType = text.plist.xml; path = Info.plist; sourceTree = "<group>"; };
		93E0F8761C009B8A00BA5EEA /* TableUtility.swift */ = {isa = PBXFileReference; fileEncoding = 4; lastKnownFileType = sourcecode.swift; path = TableUtility.swift; sourceTree = "<group>"; };
		93E476781C64A20400EF49EF /* KeyManager.swift */ = {isa = PBXFileReference; fileEncoding = 4; lastKnownFileType = sourcecode.swift; path = KeyManager.swift; sourceTree = "<group>"; };
		93E4767A1C64A59D00EF49EF /* UIImageExtension.swift */ = {isa = PBXFileReference; fileEncoding = 4; lastKnownFileType = sourcecode.swift; path = UIImageExtension.swift; sourceTree = "<group>"; };
		93E4767C1C64A5CE00EF49EF /* NSDateExtension.swift */ = {isa = PBXFileReference; fileEncoding = 4; lastKnownFileType = sourcecode.swift; path = NSDateExtension.swift; sourceTree = "<group>"; };
		93E4767E1C64A5F500EF49EF /* UIViewControllerExtension.swift */ = {isa = PBXFileReference; fileEncoding = 4; lastKnownFileType = sourcecode.swift; path = UIViewControllerExtension.swift; sourceTree = "<group>"; };
		93E476801C64A62100EF49EF /* AdViewProtocol.swift */ = {isa = PBXFileReference; fileEncoding = 4; lastKnownFileType = sourcecode.swift; path = AdViewProtocol.swift; sourceTree = "<group>"; };
		9EE38BCC6DA7C302BAC7B958 /* Pods_ObservationDiaryUITests.framework */ = {isa = PBXFileReference; explicitFileType = wrapper.framework; includeInIndex = 0; path = Pods_ObservationDiaryUITests.framework; sourceTree = BUILT_PRODUCTS_DIR; };
		A4D54223E4FC76CA2CE0A0D5 /* Pods.framework */ = {isa = PBXFileReference; explicitFileType = wrapper.framework; includeInIndex = 0; path = Pods.framework; sourceTree = BUILT_PRODUCTS_DIR; };
		D15D9258C6AB4172095DB999 /* Pods-ObservationDiaryUITests.debug.xcconfig */ = {isa = PBXFileReference; includeInIndex = 1; lastKnownFileType = text.xcconfig; name = "Pods-ObservationDiaryUITests.debug.xcconfig"; path = "Pods/Target Support Files/Pods-ObservationDiaryUITests/Pods-ObservationDiaryUITests.debug.xcconfig"; sourceTree = "<group>"; };
		DC840323EFBAEABBAEAD193C /* Pods-ObservationDiaryTests.debug.xcconfig */ = {isa = PBXFileReference; includeInIndex = 1; lastKnownFileType = text.xcconfig; name = "Pods-ObservationDiaryTests.debug.xcconfig"; path = "Pods/Target Support Files/Pods-ObservationDiaryTests/Pods-ObservationDiaryTests.debug.xcconfig"; sourceTree = "<group>"; };
		F63331DA03D1714C30BE0A20 /* Pods_ObservationDiary.framework */ = {isa = PBXFileReference; explicitFileType = wrapper.framework; includeInIndex = 0; path = Pods_ObservationDiary.framework; sourceTree = BUILT_PRODUCTS_DIR; };
/* End PBXFileReference section */

/* Begin PBXFrameworksBuildPhase section */
		935996071BD5AB8C0047EE9F /* Frameworks */ = {
			isa = PBXFrameworksBuildPhase;
			buildActionMask = 2147483647;
			files = (
				93AD582F1C6F08D9009F3EAE /* Accounts.framework in Frameworks */,
				93AD582A1C6F07A4009F3EAE /* Social.framework in Frameworks */,
				629287A3549987FE9D188A9A /* Pods_ObservationDiary.framework in Frameworks */,
				239A4C194F64C2FB911A3923 /* Pods.framework in Frameworks */,
			);
			runOnlyForDeploymentPostprocessing = 0;
		};
		9359961B1BD5AB8D0047EE9F /* Frameworks */ = {
			isa = PBXFrameworksBuildPhase;
			buildActionMask = 2147483647;
			files = (
				F546FF9110138BB34C68AE7B /* Pods_ObservationDiaryTests.framework in Frameworks */,
			);
			runOnlyForDeploymentPostprocessing = 0;
		};
		93DDA13C1C2B5BDE00B27FCF /* Frameworks */ = {
			isa = PBXFrameworksBuildPhase;
			buildActionMask = 2147483647;
			files = (
				979B8C8B2C81E392DA769808 /* Pods_ObservationDiaryUITests.framework in Frameworks */,
			);
			runOnlyForDeploymentPostprocessing = 0;
		};
/* End PBXFrameworksBuildPhase section */

/* Begin PBXGroup section */
		1AC6187A87C9D958D55D8118 /* Frameworks */ = {
			isa = PBXGroup;
			children = (
				93AD582E1C6F08D9009F3EAE /* Accounts.framework */,
				93AD58291C6F07A4009F3EAE /* Social.framework */,
				937F41981BFD440C00DF2D80 /* iAd.framework */,
				F63331DA03D1714C30BE0A20 /* Pods_ObservationDiary.framework */,
				70B7F8D78F86A4292EBA3004 /* Pods_ObservationDiaryTests.framework */,
				A4D54223E4FC76CA2CE0A0D5 /* Pods.framework */,
				9EE38BCC6DA7C302BAC7B958 /* Pods_ObservationDiaryUITests.framework */,
			);
			name = Frameworks;
			sourceTree = "<group>";
		};
		930763DA1C12771B00135834 /* TargetListView */ = {
			isa = PBXGroup;
			children = (
				930764451C18E81100135834 /* TargetContainerViewController.swift */,
				930764471C18EE4800135834 /* TargetContainerViewController+TableViewDataSource.swift */,
				935996311BD5EDC20047EE9F /* TargetTableViewCell.swift */,
			);
			name = TargetListView;
			sourceTree = "<group>";
		};
		930763DB1C12FA7D00135834 /* PhotoListView */ = {
			isa = PBXGroup;
			children = (
				937F419A1BFFF0BD00DF2D80 /* PhotoContainerViewController.swift */,
				930763DC1C12FAA900135834 /* PhotoContainerViewController+TableViewDelegate.swift */,
				930763DE1C12FB6400135834 /* PhotoContainerViewController+TableViewDataSource.swift */,
				931165BE1BD6459400F1D32D /* PhotoTableViewCell.swift */,
			);
			name = PhotoListView;
			sourceTree = "<group>";
		};
		930763E21C12FDB400135834 /* Model */ = {
			isa = PBXGroup;
			children = (
				930763E01C12FD7100135834 /* ModelBase.swift */,
				930763E51C12FE0200135834 /* Photo.swift */,
				930763E31C12FDC500135834 /* Target.swift */,
			);
			name = Model;
			sourceTree = "<group>";
		};
		930763EA1C12FEAE00135834 /* Loading */ = {
			isa = PBXGroup;
			children = (
				93DBDBAE1BFB66AC00E96148 /* LoadingProxy.swift */,
				93CD87691BF69818003F836B /* LoadingOverlay.swift */,
			);
			name = Loading;
			sourceTree = "<group>";
		};
		9307642A1C1794AE00135834 /* Extensions */ = {
			isa = PBXGroup;
			children = (
				93E4767C1C64A5CE00EF49EF /* NSDateExtension.swift */,
				93E4767A1C64A59D00EF49EF /* UIImageExtension.swift */,
				93E4767E1C64A5F500EF49EF /* UIViewControllerExtension.swift */,
				9307642B1C1794E200135834 /* TJColorExtensions.swift */,
				9307642D1C17952E00135834 /* TJViewExtensions.swift */,
			);
			name = Extensions;
			sourceTree = "<group>";
		};
		933CD8BE1C222CB100CBD3D3 /* TargetView */ = {
			isa = PBXGroup;
			children = (
				9359960F1BD5AB8C0047EE9F /* TargetViewController.swift */,
				933CD8BC1C222C3900CBD3D3 /* TargetViewController+UITextFieldDelegate.swift */,
			);
			name = TargetView;
			sourceTree = "<group>";
		};
		935996011BD5AB8C0047EE9F = {
			isa = PBXGroup;
			children = (
				9353CC731BDA127A00EAFCD6 /* Podfile */,
				9359960C1BD5AB8C0047EE9F /* ObservationDiary */,
				935996211BD5AB8D0047EE9F /* ObservationDiaryTests */,
				93DDA1401C2B5BDE00B27FCF /* ObservationDiaryUITests */,
				9359960B1BD5AB8C0047EE9F /* Products */,
				AFAFBFE6FA8C40D901618169 /* Pods */,
				1AC6187A87C9D958D55D8118 /* Frameworks */,
			);
			sourceTree = "<group>";
		};
		9359960B1BD5AB8C0047EE9F /* Products */ = {
			isa = PBXGroup;
			children = (
				9359960A1BD5AB8C0047EE9F /* ObservationDiary.app */,
				9359961E1BD5AB8D0047EE9F /* ObservationDiary.xctest */,
				93DDA13F1C2B5BDE00B27FCF /* ObservationDiaryUITests.xctest */,
			);
			name = Products;
			sourceTree = "<group>";
		};
		9359960C1BD5AB8C0047EE9F /* ObservationDiary */ = {
			isa = PBXGroup;
			children = (
				9359960D1BD5AB8C0047EE9F /* AppDelegate.swift */,
				939EBF831BDB5D3400436BC0 /* Main.storyboard */,
				930763DA1C12771B00135834 /* TargetListView */,
				933CD8BE1C222CB100CBD3D3 /* TargetView */,
				930763DB1C12FA7D00135834 /* PhotoListView */,
				93AD58301C6F2ACE009F3EAE /* ShareMovieView */,
				939EBF811BDB4A3F00436BC0 /* PhotoViewController.swift */,
				936505AA1BE4843200A824E0 /* CameraViewController.swift */,
				93D907551C7996B800524637 /* VideoPlayerView */,
				93C7FDA01BDA7B7A00AC1A3D /* StorageProtocol.swift */,
				93C7FDA21BDA89F200AC1A3D /* Storage.swift */,
				93429CB61C0531A90082D85F /* Tour.swift */,
				9368DD4B1BEB9E5700F6E034 /* Constants.swift */,
				939562EF1C20DAD8000D90D0 /* Ad */,
				9307642A1C1794AE00135834 /* Extensions */,
				930763E21C12FDB400135834 /* Model */,
				93AC7BDA1C64D79200C2826E /* View */,
				93E0F8781C00A1A800BA5EEA /* Utilities */,
				935F627B1C50521C00271DD8 /* Library */,
				935996141BD5AB8C0047EE9F /* Assets.xcassets */,
				935996161BD5AB8C0047EE9F /* LaunchScreen.storyboard */,
				935996191BD5AB8C0047EE9F /* Info.plist */,
				935F62781C504AED00271DD8 /* Keys.plist */,
			);
			path = ObservationDiary;
			sourceTree = "<group>";
		};
		935996211BD5AB8D0047EE9F /* ObservationDiaryTests */ = {
			isa = PBXGroup;
			children = (
				933571831C1BD2AB00F9D948 /* StorageTests.swift */,
				93DBC6ED1C1DB01A0078AD62 /* TourTests.swift */,
				939562EB1C1E3792000D90D0 /* DateUtilityTests.swift */,
				933CD8C41C22CFFE00CBD3D3 /* VideoUtilityTests.swift */,
				933CD8C61C23749300CBD3D3 /* PhotoUtilityTests.swift */,
				933CD8CB1C23799A00CBD3D3 /* MediaUtilityTests.swift */,
				935996241BD5AB8D0047EE9F /* Info.plist */,
			);
			path = ObservationDiaryTests;
			sourceTree = "<group>";
		};
		935F627B1C50521C00271DD8 /* Library */ = {
			isa = PBXGroup;
			children = (
				935F627C1C50528E00271DD8 /* R.generated.swift */,
				93AD582B1C6F07BA009F3EAE /* Twitter */,
			);
			name = Library;
			sourceTree = "<group>";
		};
		939562EF1C20DAD8000D90D0 /* Ad */ = {
			isa = PBXGroup;
			children = (
				939562F01C20DB06000D90D0 /* AdView.xib */,
				939562F21C20DC04000D90D0 /* AdView.swift */,
				93E476801C64A62100EF49EF /* AdViewProtocol.swift */,
			);
			name = Ad;
			sourceTree = "<group>";
		};
		93AC7BDA1C64D79200C2826E /* View */ = {
			isa = PBXGroup;
			children = (
				93AC7BD81C64C9C900C2826E /* BaseNavigationBarView.swift */,
				93AC7BDB1C64D7D800C2826E /* BasicButton.swift */,
				937297251C65E2710007F909 /* FilledButton.swift */,
				934C62C51C6728F100EF4C0D /* UtilButton.swift */,
				934C62C21C67095500EF4C0D /* NavBarButton.swift */,
				937297271C65E5210007F909 /* DestroyButton.swift */,
				93AC7BDF1C65D42400C2826E /* ImageThumbnailView.swift */,
				93AC7BE11C65D62800C2826E /* ModalView.swift */,
				93AC7BE31C65D94300C2826E /* BasicTextField.swift */,
				937E65381C70466C00AB7CC9 /* BasicTextView.swift */,
				93D907601C7D18B800524637 /* BaseScrollView.swift */,
			);
			name = View;
			sourceTree = "<group>";
		};
		93AD582B1C6F07BA009F3EAE /* Twitter */ = {
			isa = PBXGroup;
			children = (
				93AD582C1C6F07CF009F3EAE /* Twitter.swift */,
			);
			name = Twitter;
			sourceTree = "<group>";
		};
		93AD58301C6F2ACE009F3EAE /* ShareMovieView */ = {
			isa = PBXGroup;
			children = (
				93AD58331C6F2B08009F3EAE /* ShareMovieViewController.swift */,
				93D9074A1C7971EE00524637 /* ShareMovieViewController+TextViewDelegate.swift */,
				93D9074C1C79727F00524637 /* ShareMovieViewController+PickerViewDelegate+DataSource.swift */,
				93AD58311C6F2AED009F3EAE /* ShareMovie.storyboard */,
			);
			name = ShareMovieView;
			sourceTree = "<group>";
		};
		93D907551C7996B800524637 /* VideoPlayerView */ = {
			isa = PBXGroup;
			children = (
				93DBDBAC1BF9E19300E96148 /* VideoPlayerViewController.swift */,
				93D907501C79962C00524637 /* VideoPlayerOverlayViewController.swift */,
				93D907521C79969E00524637 /* VideoPlayerOverlay.storyboard */,
			);
			name = VideoPlayerView;
			sourceTree = "<group>";
		};
		93DDA1401C2B5BDE00B27FCF /* ObservationDiaryUITests */ = {
			isa = PBXGroup;
			children = (
				93DDA1411C2B5BDE00B27FCF /* ObservationDiaryUITests.swift */,
				93DDA1431C2B5BDE00B27FCF /* Info.plist */,
			);
			path = ObservationDiaryUITests;
			sourceTree = "<group>";
		};
		93E0F8781C00A1A800BA5EEA /* Utilities */ = {
			isa = PBXGroup;
			children = (
				935F62741C4EF5A600271DD8 /* AlphaControlSlider.swift */,
				93DBDBA61BF83A3F00E96148 /* DateUtility.swift */,
				93E0F8761C009B8A00BA5EEA /* TableUtility.swift */,
				933CD8C81C23763900CBD3D3 /* MediaUtility.swift */,
				936505A61BDF1FEF00A824E0 /* PhotoUtility.swift */,
				930763E81C12FEA900135834 /* VideoUtility.swift */,
				93E476781C64A20400EF49EF /* KeyManager.swift */,
				930763EA1C12FEAE00135834 /* Loading */,
			);
			name = Utilities;
			sourceTree = "<group>";
		};
		AFAFBFE6FA8C40D901618169 /* Pods */ = {
			isa = PBXGroup;
			children = (
				8C40873B2A71B70A74A79743 /* Pods-ObservationDiary.debug.xcconfig */,
				786730243BD3F6AB47A9A35E /* Pods-ObservationDiary.release.xcconfig */,
				DC840323EFBAEABBAEAD193C /* Pods-ObservationDiaryTests.debug.xcconfig */,
				492079B1A99C6DDE48231E4D /* Pods-ObservationDiaryTests.release.xcconfig */,
				D15D9258C6AB4172095DB999 /* Pods-ObservationDiaryUITests.debug.xcconfig */,
				390F77A9198F4BA4A8E66694 /* Pods-ObservationDiaryUITests.release.xcconfig */,
			);
			name = Pods;
			sourceTree = "<group>";
		};
/* End PBXGroup section */

/* Begin PBXNativeTarget section */
		935996091BD5AB8C0047EE9F /* ObservationDiary */ = {
			isa = PBXNativeTarget;
			buildConfigurationList = 935996271BD5AB8D0047EE9F /* Build configuration list for PBXNativeTarget "ObservationDiary" */;
			buildPhases = (
				D1BE4C22116329D5C7F877E0 /* Check Pods Manifest.lock */,
				935F627A1C5050F000271DD8 /* ShellScript */,
				935996061BD5AB8C0047EE9F /* Sources */,
				935996071BD5AB8C0047EE9F /* Frameworks */,
				935996081BD5AB8C0047EE9F /* Resources */,
				932D922B1BD8ABF4007AEBF0 /* Embed Frameworks */,
				3D032B6C3A19B1455B1D1B47 /* Embed Pods Frameworks */,
				9833450C02441C0663659B8F /* Copy Pods Resources */,
				93E476821C64B2F600EF49EF /* ShellScript */,
			);
			buildRules = (
			);
			dependencies = (
			);
			name = ObservationDiary;
			productName = PhotoLogger;
			productReference = 9359960A1BD5AB8C0047EE9F /* ObservationDiary.app */;
			productType = "com.apple.product-type.application";
		};
		9359961D1BD5AB8D0047EE9F /* ObservationDiaryTests */ = {
			isa = PBXNativeTarget;
			buildConfigurationList = 9359962A1BD5AB8D0047EE9F /* Build configuration list for PBXNativeTarget "ObservationDiaryTests" */;
			buildPhases = (
				559B5D14FF347A7D4803BE78 /* Check Pods Manifest.lock */,
				9359961A1BD5AB8D0047EE9F /* Sources */,
				9359961B1BD5AB8D0047EE9F /* Frameworks */,
				9359961C1BD5AB8D0047EE9F /* Resources */,
				3F0320315474032BCE785A74 /* Embed Pods Frameworks */,
				972DBF3E8684E2B190FA4E12 /* Copy Pods Resources */,
			);
			buildRules = (
			);
			dependencies = (
				935996201BD5AB8D0047EE9F /* PBXTargetDependency */,
			);
			name = ObservationDiaryTests;
			productName = PhotoLoggerTests;
			productReference = 9359961E1BD5AB8D0047EE9F /* ObservationDiary.xctest */;
			productType = "com.apple.product-type.bundle.unit-test";
		};
		93DDA13E1C2B5BDE00B27FCF /* ObservationDiaryUITests */ = {
			isa = PBXNativeTarget;
			buildConfigurationList = 93DDA1481C2B5BDE00B27FCF /* Build configuration list for PBXNativeTarget "ObservationDiaryUITests" */;
			buildPhases = (
				2CBBE6D2E37CE6422A4B35D7 /* Check Pods Manifest.lock */,
				93DDA13B1C2B5BDE00B27FCF /* Sources */,
				93DDA13C1C2B5BDE00B27FCF /* Frameworks */,
				93DDA13D1C2B5BDE00B27FCF /* Resources */,
				7DFBA9A5E19384B941E11C6F /* Copy Pods Resources */,
			);
			buildRules = (
			);
			dependencies = (
				93DDA1451C2B5BDE00B27FCF /* PBXTargetDependency */,
			);
			name = ObservationDiaryUITests;
			productName = ObservationDiaryUITests;
			productReference = 93DDA13F1C2B5BDE00B27FCF /* ObservationDiaryUITests.xctest */;
			productType = "com.apple.product-type.bundle.ui-testing";
		};
/* End PBXNativeTarget section */

/* Begin PBXProject section */
		935996021BD5AB8C0047EE9F /* Project object */ = {
			isa = PBXProject;
			attributes = {
				LastSwiftUpdateCheck = 0720;
				LastUpgradeCheck = 0700;
				ORGANIZATIONNAME = Tajika;
				TargetAttributes = {
					935996091BD5AB8C0047EE9F = {
						CreatedOnToolsVersion = 7.0.1;
						DevelopmentTeam = R5U4C8KFRC;
						SystemCapabilities = {
							com.apple.BackgroundModes = {
								enabled = 0;
							};
						};
					};
					9359961D1BD5AB8D0047EE9F = {
						CreatedOnToolsVersion = 7.0.1;
						TestTargetID = 935996091BD5AB8C0047EE9F;
					};
					93DDA13E1C2B5BDE00B27FCF = {
						CreatedOnToolsVersion = 7.2;
						TestTargetID = 935996091BD5AB8C0047EE9F;
					};
				};
			};
			buildConfigurationList = 935996051BD5AB8C0047EE9F /* Build configuration list for PBXProject "ObservationDiary" */;
			compatibilityVersion = "Xcode 3.2";
			developmentRegion = English;
			hasScannedForEncodings = 0;
			knownRegions = (
				en,
				Base,
			);
			mainGroup = 935996011BD5AB8C0047EE9F;
			productRefGroup = 9359960B1BD5AB8C0047EE9F /* Products */;
			projectDirPath = "";
			projectRoot = "";
			targets = (
				935996091BD5AB8C0047EE9F /* ObservationDiary */,
				9359961D1BD5AB8D0047EE9F /* ObservationDiaryTests */,
				93DDA13E1C2B5BDE00B27FCF /* ObservationDiaryUITests */,
			);
		};
/* End PBXProject section */

/* Begin PBXResourcesBuildPhase section */
		935996081BD5AB8C0047EE9F /* Resources */ = {
			isa = PBXResourcesBuildPhase;
			buildActionMask = 2147483647;
			files = (
				935F62791C504AED00271DD8 /* Keys.plist in Resources */,
				939562F11C20DB06000D90D0 /* AdView.xib in Resources */,
				93AD58321C6F2AED009F3EAE /* ShareMovie.storyboard in Resources */,
				935996181BD5AB8C0047EE9F /* LaunchScreen.storyboard in Resources */,
				935996151BD5AB8C0047EE9F /* Assets.xcassets in Resources */,
				93D907531C79969E00524637 /* VideoPlayerOverlay.storyboard in Resources */,
				9353CC741BDA127A00EAFCD6 /* Podfile in Resources */,
				939EBF841BDB5D3400436BC0 /* Main.storyboard in Resources */,
			);
			runOnlyForDeploymentPostprocessing = 0;
		};
		9359961C1BD5AB8D0047EE9F /* Resources */ = {
			isa = PBXResourcesBuildPhase;
			buildActionMask = 2147483647;
			files = (
				93AD58351C6F2CEE009F3EAE /* ShareMovie.storyboard in Resources */,
				93D907541C79969E00524637 /* VideoPlayerOverlay.storyboard in Resources */,
				9306DC831C564DC400F98F71 /* Podfile in Resources */,
				9306DC5C1C55952400F98F71 /* Assets.xcassets in Resources */,
			);
			runOnlyForDeploymentPostprocessing = 0;
		};
		93DDA13D1C2B5BDE00B27FCF /* Resources */ = {
			isa = PBXResourcesBuildPhase;
			buildActionMask = 2147483647;
			files = (
				9306DC841C564DC500F98F71 /* Podfile in Resources */,
				9306DC821C5599CC00F98F71 /* Assets.xcassets in Resources */,
			);
			runOnlyForDeploymentPostprocessing = 0;
		};
/* End PBXResourcesBuildPhase section */

/* Begin PBXShellScriptBuildPhase section */
		2CBBE6D2E37CE6422A4B35D7 /* Check Pods Manifest.lock */ = {
			isa = PBXShellScriptBuildPhase;
			buildActionMask = 2147483647;
			files = (
			);
			inputPaths = (
			);
			name = "Check Pods Manifest.lock";
			outputPaths = (
			);
			runOnlyForDeploymentPostprocessing = 0;
			shellPath = /bin/sh;
			shellScript = "diff \"${PODS_ROOT}/../Podfile.lock\" \"${PODS_ROOT}/Manifest.lock\" > /dev/null\nif [[ $? != 0 ]] ; then\n    cat << EOM\nerror: The sandbox is not in sync with the Podfile.lock. Run 'pod install' or update your CocoaPods installation.\nEOM\n    exit 1\nfi\n";
			showEnvVarsInLog = 0;
		};
		3D032B6C3A19B1455B1D1B47 /* Embed Pods Frameworks */ = {
			isa = PBXShellScriptBuildPhase;
			buildActionMask = 2147483647;
			files = (
			);
			inputPaths = (
			);
			name = "Embed Pods Frameworks";
			outputPaths = (
			);
			runOnlyForDeploymentPostprocessing = 0;
			shellPath = /bin/sh;
			shellScript = "\"${SRCROOT}/Pods/Target Support Files/Pods/Pods-frameworks.sh\"\n";
			showEnvVarsInLog = 0;
		};
		3F0320315474032BCE785A74 /* Embed Pods Frameworks */ = {
			isa = PBXShellScriptBuildPhase;
			buildActionMask = 2147483647;
			files = (
			);
			inputPaths = (
			);
			name = "Embed Pods Frameworks";
			outputPaths = (
			);
			runOnlyForDeploymentPostprocessing = 0;
			shellPath = /bin/sh;
			shellScript = "\"${SRCROOT}/Pods/Target Support Files/Pods-ObservationDiaryTests/Pods-ObservationDiaryTests-frameworks.sh\"\n";
			showEnvVarsInLog = 0;
		};
		559B5D14FF347A7D4803BE78 /* Check Pods Manifest.lock */ = {
			isa = PBXShellScriptBuildPhase;
			buildActionMask = 2147483647;
			files = (
			);
			inputPaths = (
			);
			name = "Check Pods Manifest.lock";
			outputPaths = (
			);
			runOnlyForDeploymentPostprocessing = 0;
			shellPath = /bin/sh;
			shellScript = "diff \"${PODS_ROOT}/../Podfile.lock\" \"${PODS_ROOT}/Manifest.lock\" > /dev/null\nif [[ $? != 0 ]] ; then\n    cat << EOM\nerror: The sandbox is not in sync with the Podfile.lock. Run 'pod install' or update your CocoaPods installation.\nEOM\n    exit 1\nfi\n";
			showEnvVarsInLog = 0;
		};
		7DFBA9A5E19384B941E11C6F /* Copy Pods Resources */ = {
			isa = PBXShellScriptBuildPhase;
			buildActionMask = 2147483647;
			files = (
			);
			inputPaths = (
			);
			name = "Copy Pods Resources";
			outputPaths = (
			);
			runOnlyForDeploymentPostprocessing = 0;
			shellPath = /bin/sh;
			shellScript = "\"${SRCROOT}/Pods/Target Support Files/Pods-ObservationDiaryUITests/Pods-ObservationDiaryUITests-resources.sh\"\n";
			showEnvVarsInLog = 0;
		};
		935F627A1C5050F000271DD8 /* ShellScript */ = {
			isa = PBXShellScriptBuildPhase;
			buildActionMask = 2147483647;
			files = (
			);
			inputPaths = (
			);
			outputPaths = (
			);
			runOnlyForDeploymentPostprocessing = 0;
			shellPath = /bin/sh;
			shellScript = "\"$PODS_ROOT/R.swift/rswift\" \"$SRCROOT\"";
		};
		93E476821C64B2F600EF49EF /* ShellScript */ = {
			isa = PBXShellScriptBuildPhase;
			buildActionMask = 2147483647;
			files = (
			);
			inputPaths = (
			);
			outputPaths = (
			);
			runOnlyForDeploymentPostprocessing = 0;
			shellPath = /bin/sh;
			shellScript = "\"${PODS_ROOT}/Fabric/run\" 213291df46397c8a0f026184f126af919bb45920 2f615fed6487773f9cf9a4aa79792098b93d07e530f4a1c48f0b4023f619a499";
		};
		972DBF3E8684E2B190FA4E12 /* Copy Pods Resources */ = {
			isa = PBXShellScriptBuildPhase;
			buildActionMask = 2147483647;
			files = (
			);
			inputPaths = (
			);
			name = "Copy Pods Resources";
			outputPaths = (
			);
			runOnlyForDeploymentPostprocessing = 0;
			shellPath = /bin/sh;
			shellScript = "\"${SRCROOT}/Pods/Target Support Files/Pods-ObservationDiaryTests/Pods-ObservationDiaryTests-resources.sh\"\n";
			showEnvVarsInLog = 0;
		};
		9833450C02441C0663659B8F /* Copy Pods Resources */ = {
			isa = PBXShellScriptBuildPhase;
			buildActionMask = 2147483647;
			files = (
			);
			inputPaths = (
			);
			name = "Copy Pods Resources";
			outputPaths = (
			);
			runOnlyForDeploymentPostprocessing = 0;
			shellPath = /bin/sh;
			shellScript = "\"${SRCROOT}/Pods/Target Support Files/Pods/Pods-resources.sh\"\n";
			showEnvVarsInLog = 0;
		};
		D1BE4C22116329D5C7F877E0 /* Check Pods Manifest.lock */ = {
			isa = PBXShellScriptBuildPhase;
			buildActionMask = 2147483647;
			files = (
			);
			inputPaths = (
			);
			name = "Check Pods Manifest.lock";
			outputPaths = (
			);
			runOnlyForDeploymentPostprocessing = 0;
			shellPath = /bin/sh;
			shellScript = "diff \"${PODS_ROOT}/../Podfile.lock\" \"${PODS_ROOT}/Manifest.lock\" > /dev/null\nif [[ $? != 0 ]] ; then\n    cat << EOM\nerror: The sandbox is not in sync with the Podfile.lock. Run 'pod install' or update your CocoaPods installation.\nEOM\n    exit 1\nfi\n";
			showEnvVarsInLog = 0;
		};
/* End PBXShellScriptBuildPhase section */

/* Begin PBXSourcesBuildPhase section */
		935996061BD5AB8C0047EE9F /* Sources */ = {
			isa = PBXSourcesBuildPhase;
			buildActionMask = 2147483647;
			files = (
				93429CB71C0531A90082D85F /* Tour.swift in Sources */,
				93C7FDA31BDA89F200AC1A3D /* Storage.swift in Sources */,
				93AC7BD91C64C9C900C2826E /* BaseNavigationBarView.swift in Sources */,
				93DBDBAD1BF9E19300E96148 /* VideoPlayerViewController.swift in Sources */,
				93D9074B1C7971EE00524637 /* ShareMovieViewController+TextViewDelegate.swift in Sources */,
				931165BF1BD6459400F1D32D /* PhotoTableViewCell.swift in Sources */,
				93D907511C79962C00524637 /* VideoPlayerOverlayViewController.swift in Sources */,
				9307642E1C17952E00135834 /* TJViewExtensions.swift in Sources */,
				93AC7BDC1C64D7D800C2826E /* BasicButton.swift in Sources */,
				935F62751C4EF5A600271DD8 /* AlphaControlSlider.swift in Sources */,
				937297281C65E5210007F909 /* DestroyButton.swift in Sources */,
				930763E91C12FEA900135834 /* VideoUtility.swift in Sources */,
				934C62C31C67095500EF4C0D /* NavBarButton.swift in Sources */,
				933CD8C91C23763900CBD3D3 /* MediaUtility.swift in Sources */,
				93AC7BE41C65D94300C2826E /* BasicTextField.swift in Sources */,
				930764481C18EE4800135834 /* TargetContainerViewController+TableViewDataSource.swift in Sources */,
				930763DF1C12FB6400135834 /* PhotoContainerViewController+TableViewDataSource.swift in Sources */,
				936505A71BDF1FEF00A824E0 /* PhotoUtility.swift in Sources */,
				930763E41C12FDC500135834 /* Target.swift in Sources */,
				937297261C65E2710007F909 /* FilledButton.swift in Sources */,
				937F419B1BFFF0BD00DF2D80 /* PhotoContainerViewController.swift in Sources */,
				930763DD1C12FAA900135834 /* PhotoContainerViewController+TableViewDelegate.swift in Sources */,
				93AC7BE21C65D62800C2826E /* ModalView.swift in Sources */,
				930763E61C12FE0200135834 /* Photo.swift in Sources */,
				936505AB1BE4843300A824E0 /* CameraViewController.swift in Sources */,
				9368DD4C1BEB9E5700F6E034 /* Constants.swift in Sources */,
				930764461C18E81100135834 /* TargetContainerViewController.swift in Sources */,
				937E65391C70466C00AB7CC9 /* BasicTextView.swift in Sources */,
				935996321BD5EDC20047EE9F /* TargetTableViewCell.swift in Sources */,
				93AC7BE01C65D42400C2826E /* ImageThumbnailView.swift in Sources */,
				93AD58341C6F2B08009F3EAE /* ShareMovieViewController.swift in Sources */,
				93E4767D1C64A5CE00EF49EF /* NSDateExtension.swift in Sources */,
				93AD582D1C6F07CF009F3EAE /* Twitter.swift in Sources */,
				93C7FDA11BDA7B7A00AC1A3D /* StorageProtocol.swift in Sources */,
				93DBDBA71BF83A3F00E96148 /* DateUtility.swift in Sources */,
				935F627D1C50528E00271DD8 /* R.generated.swift in Sources */,
				93D907611C7D18B800524637 /* BaseScrollView.swift in Sources */,
				93E4767B1C64A59D00EF49EF /* UIImageExtension.swift in Sources */,
				93E476791C64A20400EF49EF /* KeyManager.swift in Sources */,
				93D9074D1C79727F00524637 /* ShareMovieViewController+PickerViewDelegate+DataSource.swift in Sources */,
				935996101BD5AB8C0047EE9F /* TargetViewController.swift in Sources */,
				93E476811C64A62100EF49EF /* AdViewProtocol.swift in Sources */,
				93CD876A1BF69818003F836B /* LoadingOverlay.swift in Sources */,
				939562F31C20DC04000D90D0 /* AdView.swift in Sources */,
				9359960E1BD5AB8C0047EE9F /* AppDelegate.swift in Sources */,
				93DBDBAF1BFB66AC00E96148 /* LoadingProxy.swift in Sources */,
				939EBF821BDB4A3F00436BC0 /* PhotoViewController.swift in Sources */,
				933CD8BD1C222C3900CBD3D3 /* TargetViewController+UITextFieldDelegate.swift in Sources */,
				930763E11C12FD7100135834 /* ModelBase.swift in Sources */,
				93E4767F1C64A5F500EF49EF /* UIViewControllerExtension.swift in Sources */,
				93E0F8771C009B8A00BA5EEA /* TableUtility.swift in Sources */,
				9307642C1C1794E200135834 /* TJColorExtensions.swift in Sources */,
				934C62C61C6728F100EF4C0D /* UtilButton.swift in Sources */,
			);
			runOnlyForDeploymentPostprocessing = 0;
		};
		9359961A1BD5AB8D0047EE9F /* Sources */ = {
			isa = PBXSourcesBuildPhase;
			buildActionMask = 2147483647;
			files = (
				9306DC421C5594E100F98F71 /* PhotoContainerViewController+TableViewDelegate.swift in Sources */,
				9306DC581C55951800F98F71 /* VideoUtility.swift in Sources */,
				9306DC551C55951000F98F71 /* TableUtility.swift in Sources */,
				9306DC3F1C5594D800F98F71 /* TargetViewController+UITextFieldDelegate.swift in Sources */,
				937066941C6627F600087C9D /* TargetContainerViewController+TableViewDataSource.swift in Sources */,
				9306DC3D1C5594CC00F98F71 /* TargetTableViewCell.swift in Sources */,
				9370668E1C66276200087C9D /* FilledButton.swift in Sources */,
				9370668D1C66276000087C9D /* BaseNavigationBarView.swift in Sources */,
				9306DC8A1C564F2E00F98F71 /* LoadingProxy.swift in Sources */,
				93FC47D01C56DD29006C580A /* AlphaControlSlider.swift in Sources */,
				933CD8C71C23749300CBD3D3 /* PhotoUtilityTests.swift in Sources */,
				937066971C6628A500087C9D /* UIImageExtension.swift in Sources */,
				937066921C66276B00087C9D /* BasicTextField.swift in Sources */,
				93FC47CF1C56613E006C580A /* StorageProtocol.swift in Sources */,
				9306DC4B1C5594F500F98F71 /* Constants.swift in Sources */,
				934C62C71C6728F100EF4C0D /* UtilButton.swift in Sources */,
				9306DC541C55950D00F98F71 /* DateUtility.swift in Sources */,
				9306DC471C5594EC00F98F71 /* VideoPlayerViewController.swift in Sources */,
				9306DC441C5594E600F98F71 /* PhotoTableViewCell.swift in Sources */,
				9306DC3E1C5594D600F98F71 /* TargetViewController.swift in Sources */,
				937066911C66276900087C9D /* ModalView.swift in Sources */,
				9306DC451C5594E800F98F71 /* PhotoViewController.swift in Sources */,
				93D907561C79A34100524637 /* VideoPlayerOverlayViewController.swift in Sources */,
				9306DC4E1C5594FE00F98F71 /* TJColorExtensions.swift in Sources */,
				9306DC461C5594EA00F98F71 /* CameraViewController.swift in Sources */,
				934C62C41C670A0B00EF4C0D /* NavBarButton.swift in Sources */,
				9306DC511C55950600F98F71 /* Photo.swift in Sources */,
				9306DC561C55951300F98F71 /* MediaUtility.swift in Sources */,
				937066901C66276700087C9D /* ImageThumbnailView.swift in Sources */,
				937E653A1C70466C00AB7CC9 /* BasicTextView.swift in Sources */,
				9306DC521C55950800F98F71 /* Target.swift in Sources */,
				935383BA1C55916300E3FCBD /* MediaUtilityTests.swift in Sources */,
				9306DC8B1C564F3100F98F71 /* LoadingOverlay.swift in Sources */,
				939562EC1C1E3792000D90D0 /* DateUtilityTests.swift in Sources */,
				9370668F1C66276400087C9D /* DestroyButton.swift in Sources */,
				937066961C66287B00087C9D /* UIViewControllerExtension.swift in Sources */,
				937E653B1C7532CB00AB7CC9 /* Twitter.swift in Sources */,
				9306DC501C55950300F98F71 /* ModelBase.swift in Sources */,
				937066951C66282F00087C9D /* AdViewProtocol.swift in Sources */,
				935383B81C55910100E3FCBD /* StorageTests.swift in Sources */,
				93FC47D11C56DE52006C580A /* AdView.swift in Sources */,
				9306DC5B1C55952100F98F71 /* R.generated.swift in Sources */,
				933CD8C51C22CFFE00CBD3D3 /* VideoUtilityTests.swift in Sources */,
				93D907621C7D18B800524637 /* BaseScrollView.swift in Sources */,
				9306DC4F1C55950000F98F71 /* TJViewExtensions.swift in Sources */,
				93D9074F1C7972CD00524637 /* ShareMovieViewController+PickerViewDelegate+DataSource.swift in Sources */,
				9306DC431C5594E300F98F71 /* PhotoContainerViewController+TableViewDataSource.swift in Sources */,
				93AD58361C6F2D1A009F3EAE /* ShareMovieViewController.swift in Sources */,
				9370668C1C66275A00087C9D /* BasicButton.swift in Sources */,
				9306DC411C5594DE00F98F71 /* PhotoContainerViewController.swift in Sources */,
				93FC47CE1C56613C006C580A /* Storage.swift in Sources */,
				937066931C6627F400087C9D /* TargetContainerViewController.swift in Sources */,
				9357D8471C54DFC40051D028 /* TourTests.swift in Sources */,
				9306DC4A1C5594F300F98F71 /* Tour.swift in Sources */,
				9306DC571C55951600F98F71 /* PhotoUtility.swift in Sources */,
				93D9074E1C7972CB00524637 /* ShareMovieViewController+TextViewDelegate.swift in Sources */,
				937066981C6628C500087C9D /* KeyManager.swift in Sources */,
			);
			runOnlyForDeploymentPostprocessing = 0;
		};
		93DDA13B1C2B5BDE00B27FCF /* Sources */ = {
			isa = PBXSourcesBuildPhase;
			buildActionMask = 2147483647;
			files = (
				9306DC811C5599C800F98F71 /* R.generated.swift in Sources */,
				93DDA1421C2B5BDE00B27FCF /* ObservationDiaryUITests.swift in Sources */,
			);
			runOnlyForDeploymentPostprocessing = 0;
		};
/* End PBXSourcesBuildPhase section */

/* Begin PBXTargetDependency section */
		935996201BD5AB8D0047EE9F /* PBXTargetDependency */ = {
			isa = PBXTargetDependency;
			target = 935996091BD5AB8C0047EE9F /* ObservationDiary */;
			targetProxy = 9359961F1BD5AB8D0047EE9F /* PBXContainerItemProxy */;
		};
		93DDA1451C2B5BDE00B27FCF /* PBXTargetDependency */ = {
			isa = PBXTargetDependency;
			target = 935996091BD5AB8C0047EE9F /* ObservationDiary */;
			targetProxy = 93DDA1441C2B5BDE00B27FCF /* PBXContainerItemProxy */;
		};
/* End PBXTargetDependency section */

/* Begin PBXVariantGroup section */
		935996161BD5AB8C0047EE9F /* LaunchScreen.storyboard */ = {
			isa = PBXVariantGroup;
			children = (
				935996171BD5AB8C0047EE9F /* Base */,
			);
			name = LaunchScreen.storyboard;
			sourceTree = "<group>";
		};
/* End PBXVariantGroup section */

/* Begin XCBuildConfiguration section */
		935996251BD5AB8D0047EE9F /* Debug */ = {
			isa = XCBuildConfiguration;
			buildSettings = {
				ALWAYS_SEARCH_USER_PATHS = NO;
				CLANG_CXX_LANGUAGE_STANDARD = "gnu++0x";
				CLANG_CXX_LIBRARY = "libc++";
				CLANG_ENABLE_MODULES = YES;
				CLANG_ENABLE_OBJC_ARC = YES;
				CLANG_WARN_BOOL_CONVERSION = YES;
				CLANG_WARN_CONSTANT_CONVERSION = YES;
				CLANG_WARN_DIRECT_OBJC_ISA_USAGE = YES_ERROR;
				CLANG_WARN_EMPTY_BODY = YES;
				CLANG_WARN_ENUM_CONVERSION = YES;
				CLANG_WARN_INT_CONVERSION = YES;
				CLANG_WARN_OBJC_ROOT_CLASS = YES_ERROR;
				CLANG_WARN_UNREACHABLE_CODE = YES;
				CLANG_WARN__DUPLICATE_METHOD_MATCH = YES;
				"CODE_SIGN_IDENTITY[sdk=iphoneos*]" = "iPhone Developer";
				COPY_PHASE_STRIP = NO;
				DEBUG_INFORMATION_FORMAT = dwarf;
				ENABLE_STRICT_OBJC_MSGSEND = YES;
				ENABLE_TESTABILITY = YES;
				GCC_C_LANGUAGE_STANDARD = gnu99;
				GCC_DYNAMIC_NO_PIC = NO;
				GCC_NO_COMMON_BLOCKS = YES;
				GCC_OPTIMIZATION_LEVEL = 0;
				GCC_PREPROCESSOR_DEFINITIONS = (
					"DEBUG=1",
					"$(inherited)",
				);
				GCC_WARN_64_TO_32_BIT_CONVERSION = YES;
				GCC_WARN_ABOUT_RETURN_TYPE = YES_ERROR;
				GCC_WARN_UNDECLARED_SELECTOR = YES;
				GCC_WARN_UNINITIALIZED_AUTOS = YES_AGGRESSIVE;
				GCC_WARN_UNUSED_FUNCTION = YES;
				GCC_WARN_UNUSED_VARIABLE = YES;
				IPHONEOS_DEPLOYMENT_TARGET = 9.0;
				MTL_ENABLE_DEBUG_INFO = YES;
				ONLY_ACTIVE_ARCH = YES;
				PROVISIONING_PROFILE = "";
				SDKROOT = iphoneos;
				SWIFT_OPTIMIZATION_LEVEL = "-Onone";
				TARGETED_DEVICE_FAMILY = "1,2";
			};
			name = Debug;
		};
		935996261BD5AB8D0047EE9F /* Release */ = {
			isa = XCBuildConfiguration;
			buildSettings = {
				ALWAYS_SEARCH_USER_PATHS = NO;
				CLANG_CXX_LANGUAGE_STANDARD = "gnu++0x";
				CLANG_CXX_LIBRARY = "libc++";
				CLANG_ENABLE_MODULES = YES;
				CLANG_ENABLE_OBJC_ARC = YES;
				CLANG_WARN_BOOL_CONVERSION = YES;
				CLANG_WARN_CONSTANT_CONVERSION = YES;
				CLANG_WARN_DIRECT_OBJC_ISA_USAGE = YES_ERROR;
				CLANG_WARN_EMPTY_BODY = YES;
				CLANG_WARN_ENUM_CONVERSION = YES;
				CLANG_WARN_INT_CONVERSION = YES;
				CLANG_WARN_OBJC_ROOT_CLASS = YES_ERROR;
				CLANG_WARN_UNREACHABLE_CODE = YES;
				CLANG_WARN__DUPLICATE_METHOD_MATCH = YES;
				"CODE_SIGN_IDENTITY[sdk=iphoneos*]" = "iPhone Developer";
				COPY_PHASE_STRIP = NO;
				DEBUG_INFORMATION_FORMAT = "dwarf-with-dsym";
				ENABLE_NS_ASSERTIONS = NO;
				ENABLE_STRICT_OBJC_MSGSEND = YES;
				GCC_C_LANGUAGE_STANDARD = gnu99;
				GCC_NO_COMMON_BLOCKS = YES;
				GCC_WARN_64_TO_32_BIT_CONVERSION = YES;
				GCC_WARN_ABOUT_RETURN_TYPE = YES_ERROR;
				GCC_WARN_UNDECLARED_SELECTOR = YES;
				GCC_WARN_UNINITIALIZED_AUTOS = YES_AGGRESSIVE;
				GCC_WARN_UNUSED_FUNCTION = YES;
				GCC_WARN_UNUSED_VARIABLE = YES;
				IPHONEOS_DEPLOYMENT_TARGET = 9.0;
				MTL_ENABLE_DEBUG_INFO = NO;
				ONLY_ACTIVE_ARCH = NO;
				PROVISIONING_PROFILE = "";
				SDKROOT = iphoneos;
				TARGETED_DEVICE_FAMILY = "1,2";
				VALIDATE_PRODUCT = YES;
			};
			name = Release;
		};
		935996281BD5AB8D0047EE9F /* Debug */ = {
			isa = XCBuildConfiguration;
			baseConfigurationReference = 8C40873B2A71B70A74A79743 /* Pods-ObservationDiary.debug.xcconfig */;
			buildSettings = {
				ASSETCATALOG_COMPILER_APPICON_NAME = AppIcon;
				CODE_SIGN_IDENTITY = "iPhone Developer";
				"CODE_SIGN_IDENTITY[sdk=iphoneos*]" = "iPhone Developer";
				ENABLE_BITCODE = NO;
				FRAMEWORK_SEARCH_PATHS = (
					"$(inherited)",
					"$(PROJECT_DIR)",
				);
				INFOPLIST_FILE = "$(SRCROOT)/ObservationDiary/Info.plist";
				IPHONEOS_DEPLOYMENT_TARGET = 9.0;
				LD_RUNPATH_SEARCH_PATHS = "$(inherited) @executable_path/Frameworks $(CONFIGURATION_BUILD_DIR)";
				OTHER_LDFLAGS = (
					"$(inherited)",
					"-ObjC",
					"-framework",
					"\"EasyTipView\"",
					"-framework",
					"\"Flurry_iOS_SDK\"",
					"-framework",
					"\"RMUniversalAlert\"",
					"-framework",
					"\"Realm\"",
					"-framework",
					"\"RealmSwift\"",
					"-framework",
					"\"Rswift\"",
					"-framework",
					"\"UIActionSheet_Blocks\"",
					"-framework",
					"\"UIAlertController_Blocks\"",
					"-framework",
					"\"UIAlertView_Blocks\"",
				);
				PRODUCT_BUNDLE_IDENTIFIER = com.engideer.ObservationDiaryTaji;
				PRODUCT_NAME = ObservationDiary;
				PROVISIONING_PROFILE = "";
				SWIFT_OBJC_BRIDGING_HEADER = "";
				TARGETED_DEVICE_FAMILY = "1,2";
			};
			name = Debug;
		};
		935996291BD5AB8D0047EE9F /* Release */ = {
			isa = XCBuildConfiguration;
			baseConfigurationReference = 786730243BD3F6AB47A9A35E /* Pods-ObservationDiary.release.xcconfig */;
			buildSettings = {
				ASSETCATALOG_COMPILER_APPICON_NAME = AppIcon;
				CODE_SIGN_IDENTITY = "iPhone Developer";
				"CODE_SIGN_IDENTITY[sdk=iphoneos*]" = "iPhone Developer";
				ENABLE_BITCODE = NO;
				ENABLE_TESTABILITY = YES;
				FRAMEWORK_SEARCH_PATHS = (
					"$(inherited)",
					"$(PROJECT_DIR)",
				);
				INFOPLIST_FILE = "$(SRCROOT)/ObservationDiary/Info.plist";
				IPHONEOS_DEPLOYMENT_TARGET = 9.0;
				LD_RUNPATH_SEARCH_PATHS = "$(inherited) @executable_path/Frameworks $(CONFIGURATION_BUILD_DIR)";
				OTHER_LDFLAGS = (
					"$(inherited)",
					"-ObjC",
					"-framework",
					"\"EasyTipView\"",
					"-framework",
					"\"Flurry_iOS_SDK\"",
					"-framework",
					"\"RMUniversalAlert\"",
					"-framework",
					"\"Realm\"",
					"-framework",
					"\"RealmSwift\"",
					"-framework",
					"\"Rswift\"",
					"-framework",
					"\"UIActionSheet_Blocks\"",
					"-framework",
					"\"UIAlertController_Blocks\"",
					"-framework",
					"\"UIAlertView_Blocks\"",
				);
				PRODUCT_BUNDLE_IDENTIFIER = com.engideer.ObservationDiaryTaji;
				PRODUCT_NAME = ObservationDiary;
				PROVISIONING_PROFILE = "";
				SWIFT_OBJC_BRIDGING_HEADER = "";
				TARGETED_DEVICE_FAMILY = "1,2";
			};
			name = Release;
		};
		9359962B1BD5AB8D0047EE9F /* Debug */ = {
			isa = XCBuildConfiguration;
			baseConfigurationReference = DC840323EFBAEABBAEAD193C /* Pods-ObservationDiaryTests.debug.xcconfig */;
			buildSettings = {
				BUNDLE_LOADER = "$(TEST_HOST)";
				INFOPLIST_FILE = ObservationDiaryTests/Info.plist;
				LD_RUNPATH_SEARCH_PATHS = "$(inherited) @executable_path/Frameworks @loader_path/Frameworks";
				OTHER_LDFLAGS = (
					"$(inherited)",
					"-ObjC",
					"-framework",
					"\"EasyTipView\"",
					"-framework",
					"\"Flurry_iOS_SDK\"",
					"-framework",
					"\"RMUniversalAlert\"",
					"-framework",
					"\"Realm\"",
					"-framework",
					"\"RealmSwift\"",
					"-framework",
					"\"Rswift\"",
					"-framework",
					"\"UIActionSheet_Blocks\"",
					"-framework",
					"\"UIAlertController_Blocks\"",
					"-framework",
					"\"UIAlertView_Blocks\"",
					"-framework",
					"\"XCTest\"",
				);
				PRODUCT_BUNDLE_IDENTIFIER = com.engideer.ObservationDiaryTaji;
				PRODUCT_NAME = ObservationDiary;
				TEST_HOST = "$(BUILT_PRODUCTS_DIR)/ObservationDiary.app/ObservationDiary";
			};
			name = Debug;
		};
		9359962C1BD5AB8D0047EE9F /* Release */ = {
			isa = XCBuildConfiguration;
			baseConfigurationReference = 492079B1A99C6DDE48231E4D /* Pods-ObservationDiaryTests.release.xcconfig */;
			buildSettings = {
				BUNDLE_LOADER = "$(TEST_HOST)";
				ENABLE_TESTABILITY = YES;
				INFOPLIST_FILE = ObservationDiaryTests/Info.plist;
				LD_RUNPATH_SEARCH_PATHS = "$(inherited) @executable_path/Frameworks @loader_path/Frameworks";
				OTHER_LDFLAGS = (
					"$(inherited)",
					"-ObjC",
					"-framework",
					"\"EasyTipView\"",
					"-framework",
					"\"Flurry_iOS_SDK\"",
					"-framework",
					"\"RMUniversalAlert\"",
					"-framework",
					"\"Realm\"",
					"-framework",
					"\"RealmSwift\"",
					"-framework",
					"\"Rswift\"",
					"-framework",
					"\"UIActionSheet_Blocks\"",
					"-framework",
					"\"UIAlertController_Blocks\"",
					"-framework",
					"\"UIAlertView_Blocks\"",
					"-framework",
					"\"XCTest\"",
				);
				PRODUCT_BUNDLE_IDENTIFIER = com.engideer.ObservationDiaryTaji;
				PRODUCT_NAME = ObservationDiary;
				TEST_HOST = "$(BUILT_PRODUCTS_DIR)/ObservationDiary.app/ObservationDiary";
			};
			name = Release;
		};
		93DDA1461C2B5BDE00B27FCF /* Debug */ = {
			isa = XCBuildConfiguration;
			baseConfigurationReference = D15D9258C6AB4172095DB999 /* Pods-ObservationDiaryUITests.debug.xcconfig */;
			buildSettings = {
				INFOPLIST_FILE = ObservationDiaryUITests/Info.plist;
				IPHONEOS_DEPLOYMENT_TARGET = 9.2;
				LD_RUNPATH_SEARCH_PATHS = "$(inherited) @executable_path/Frameworks @loader_path/Frameworks";
				PRODUCT_BUNDLE_IDENTIFIER = com.engideer.ObservationDiaryUITests;
				PRODUCT_NAME = "$(TARGET_NAME)";
				TEST_TARGET_NAME = ObservationDiary;
				USES_XCTRUNNER = YES;
			};
			name = Debug;
		};
		93DDA1471C2B5BDE00B27FCF /* Release */ = {
			isa = XCBuildConfiguration;
			baseConfigurationReference = 390F77A9198F4BA4A8E66694 /* Pods-ObservationDiaryUITests.release.xcconfig */;
			buildSettings = {
				ENABLE_TESTABILITY = YES;
				INFOPLIST_FILE = ObservationDiaryUITests/Info.plist;
				IPHONEOS_DEPLOYMENT_TARGET = 9.2;
				LD_RUNPATH_SEARCH_PATHS = "$(inherited) @executable_path/Frameworks @loader_path/Frameworks";
				PRODUCT_BUNDLE_IDENTIFIER = com.engideer.ObservationDiaryUITests;
				PRODUCT_NAME = "$(TARGET_NAME)";
				TEST_TARGET_NAME = ObservationDiary;
				USES_XCTRUNNER = YES;
			};
			name = Release;
		};
/* End XCBuildConfiguration section */

/* Begin XCConfigurationList section */
		935996051BD5AB8C0047EE9F /* Build configuration list for PBXProject "ObservationDiary" */ = {
			isa = XCConfigurationList;
			buildConfigurations = (
				935996251BD5AB8D0047EE9F /* Debug */,
				935996261BD5AB8D0047EE9F /* Release */,
			);
			defaultConfigurationIsVisible = 0;
			defaultConfigurationName = Release;
		};
		935996271BD5AB8D0047EE9F /* Build configuration list for PBXNativeTarget "ObservationDiary" */ = {
			isa = XCConfigurationList;
			buildConfigurations = (
				935996281BD5AB8D0047EE9F /* Debug */,
				935996291BD5AB8D0047EE9F /* Release */,
			);
			defaultConfigurationIsVisible = 0;
			defaultConfigurationName = Release;
		};
		9359962A1BD5AB8D0047EE9F /* Build configuration list for PBXNativeTarget "ObservationDiaryTests" */ = {
			isa = XCConfigurationList;
			buildConfigurations = (
				9359962B1BD5AB8D0047EE9F /* Debug */,
				9359962C1BD5AB8D0047EE9F /* Release */,
			);
			defaultConfigurationIsVisible = 0;
			defaultConfigurationName = Release;
		};
		93DDA1481C2B5BDE00B27FCF /* Build configuration list for PBXNativeTarget "ObservationDiaryUITests" */ = {
			isa = XCConfigurationList;
			buildConfigurations = (
				93DDA1461C2B5BDE00B27FCF /* Debug */,
				93DDA1471C2B5BDE00B27FCF /* Release */,
			);
			defaultConfigurationIsVisible = 0;
			defaultConfigurationName = Release;
		};
/* End XCConfigurationList section */
	};
	rootObject = 935996021BD5AB8C0047EE9F /* Project object */;
}
