// !$*UTF8*$!
{
	archiveVersion = 1;
	classes = {
	};
	objectVersion = 46;
	objects = {

/* Begin PBXBuildFile section */
		4268BFA2BDF6B9F9CA9E48AA /* Pods_PhotoLoggerTests.framework in Frameworks */ = {isa = PBXBuildFile; fileRef = 28515B89B06A8C6CADF22102 /* Pods_PhotoLoggerTests.framework */; };
		931165BF1BD6459400F1D32D /* PhotoTableViewCell.swift in Sources */ = {isa = PBXBuildFile; fileRef = 931165BE1BD6459400F1D32D /* PhotoTableViewCell.swift */; };
		931165C11BD6468D00F1D32D /* PhotoTableViewController.swift in Sources */ = {isa = PBXBuildFile; fileRef = 931165C01BD6468D00F1D32D /* PhotoTableViewController.swift */; };
		932D92261BD855CC007AEBF0 /* Data.swift in Sources */ = {isa = PBXBuildFile; fileRef = 932D92251BD855CC007AEBF0 /* Data.swift */; };
		9353CC741BDA127A00EAFCD6 /* Podfile in Resources */ = {isa = PBXBuildFile; fileRef = 9353CC731BDA127A00EAFCD6 /* Podfile */; };
		9359960E1BD5AB8C0047EE9F /* AppDelegate.swift in Sources */ = {isa = PBXBuildFile; fileRef = 9359960D1BD5AB8C0047EE9F /* AppDelegate.swift */; };
		935996101BD5AB8C0047EE9F /* TargetViewController.swift in Sources */ = {isa = PBXBuildFile; fileRef = 9359960F1BD5AB8C0047EE9F /* TargetViewController.swift */; };
		935996151BD5AB8C0047EE9F /* Assets.xcassets in Resources */ = {isa = PBXBuildFile; fileRef = 935996141BD5AB8C0047EE9F /* Assets.xcassets */; };
		935996181BD5AB8C0047EE9F /* LaunchScreen.storyboard in Resources */ = {isa = PBXBuildFile; fileRef = 935996161BD5AB8C0047EE9F /* LaunchScreen.storyboard */; };
		935996231BD5AB8D0047EE9F /* PhotoLoggerTests.swift in Sources */ = {isa = PBXBuildFile; fileRef = 935996221BD5AB8D0047EE9F /* PhotoLoggerTests.swift */; };
		935996321BD5EDC20047EE9F /* TargetTableViewCell.swift in Sources */ = {isa = PBXBuildFile; fileRef = 935996311BD5EDC20047EE9F /* TargetTableViewCell.swift */; };
		935996341BD5F5A80047EE9F /* TargetTableViewController.swift in Sources */ = {isa = PBXBuildFile; fileRef = 935996331BD5F5A80047EE9F /* TargetTableViewController.swift */; };
		936505A71BDF1FEF00A824E0 /* PhotoManager.swift in Sources */ = {isa = PBXBuildFile; fileRef = 936505A61BDF1FEF00A824E0 /* PhotoManager.swift */; };
		936505AB1BE4843300A824E0 /* CameraViewController.swift in Sources */ = {isa = PBXBuildFile; fileRef = 936505AA1BE4843200A824E0 /* CameraViewController.swift */; };
		9368DD4C1BEB9E5700F6E034 /* Constants.swift in Sources */ = {isa = PBXBuildFile; fileRef = 9368DD4B1BEB9E5700F6E034 /* Constants.swift */; };
		939EBF821BDB4A3F00436BC0 /* PhotoViewController.swift in Sources */ = {isa = PBXBuildFile; fileRef = 939EBF811BDB4A3F00436BC0 /* PhotoViewController.swift */; };
		939EBF841BDB5D3400436BC0 /* Main.storyboard in Resources */ = {isa = PBXBuildFile; fileRef = 939EBF831BDB5D3400436BC0 /* Main.storyboard */; };
		93C7FDA11BDA7B7A00AC1A3D /* StorageProtocol.swift in Sources */ = {isa = PBXBuildFile; fileRef = 93C7FDA01BDA7B7A00AC1A3D /* StorageProtocol.swift */; };
		93C7FDA31BDA89F200AC1A3D /* Storage.swift in Sources */ = {isa = PBXBuildFile; fileRef = 93C7FDA21BDA89F200AC1A3D /* Storage.swift */; };
		93CD876A1BF69818003F836B /* LoadingOverlay.swift in Sources */ = {isa = PBXBuildFile; fileRef = 93CD87691BF69818003F836B /* LoadingOverlay.swift */; };
		9B237546C96723C1FD1B6A24 /* Pods_PhotoLogger.framework in Frameworks */ = {isa = PBXBuildFile; fileRef = 87AB316AE548E70671C965DA /* Pods_PhotoLogger.framework */; };
/* End PBXBuildFile section */

/* Begin PBXContainerItemProxy section */
		9359961F1BD5AB8D0047EE9F /* PBXContainerItemProxy */ = {
			isa = PBXContainerItemProxy;
			containerPortal = 935996021BD5AB8C0047EE9F /* Project object */;
			proxyType = 1;
			remoteGlobalIDString = 935996091BD5AB8C0047EE9F;
			remoteInfo = PhotoLogger;
		};
/* End PBXContainerItemProxy section */

/* Begin PBXCopyFilesBuildPhase section */
		932D922B1BD8ABF4007AEBF0 /* Embed Frameworks */ = {
			isa = PBXCopyFilesBuildPhase;
			buildActionMask = 2147483647;
			dstPath = "";
			dstSubfolderSpec = 10;
			files = (
			);
			name = "Embed Frameworks";
			runOnlyForDeploymentPostprocessing = 0;
		};
/* End PBXCopyFilesBuildPhase section */

/* Begin PBXFileReference section */
		28515B89B06A8C6CADF22102 /* Pods_PhotoLoggerTests.framework */ = {isa = PBXFileReference; explicitFileType = wrapper.framework; includeInIndex = 0; path = Pods_PhotoLoggerTests.framework; sourceTree = BUILT_PRODUCTS_DIR; };
		492079B1A99C6DDE48231E4D /* Pods-PhotoLoggerTests.release.xcconfig */ = {isa = PBXFileReference; includeInIndex = 1; lastKnownFileType = text.xcconfig; name = "Pods-PhotoLoggerTests.release.xcconfig"; path = "Pods/Target Support Files/Pods-PhotoLoggerTests/Pods-PhotoLoggerTests.release.xcconfig"; sourceTree = "<group>"; };
		786730243BD3F6AB47A9A35E /* Pods-PhotoLogger.release.xcconfig */ = {isa = PBXFileReference; includeInIndex = 1; lastKnownFileType = text.xcconfig; name = "Pods-PhotoLogger.release.xcconfig"; path = "Pods/Target Support Files/Pods-PhotoLogger/Pods-PhotoLogger.release.xcconfig"; sourceTree = "<group>"; };
		87AB316AE548E70671C965DA /* Pods_PhotoLogger.framework */ = {isa = PBXFileReference; explicitFileType = wrapper.framework; includeInIndex = 0; path = Pods_PhotoLogger.framework; sourceTree = BUILT_PRODUCTS_DIR; };
		8C40873B2A71B70A74A79743 /* Pods-PhotoLogger.debug.xcconfig */ = {isa = PBXFileReference; includeInIndex = 1; lastKnownFileType = text.xcconfig; name = "Pods-PhotoLogger.debug.xcconfig"; path = "Pods/Target Support Files/Pods-PhotoLogger/Pods-PhotoLogger.debug.xcconfig"; sourceTree = "<group>"; };
		931165BE1BD6459400F1D32D /* PhotoTableViewCell.swift */ = {isa = PBXFileReference; fileEncoding = 4; lastKnownFileType = sourcecode.swift; path = PhotoTableViewCell.swift; sourceTree = "<group>"; };
		931165C01BD6468D00F1D32D /* PhotoTableViewController.swift */ = {isa = PBXFileReference; fileEncoding = 4; lastKnownFileType = sourcecode.swift; path = PhotoTableViewController.swift; sourceTree = "<group>"; };
		932D92251BD855CC007AEBF0 /* Data.swift */ = {isa = PBXFileReference; fileEncoding = 4; lastKnownFileType = sourcecode.swift; path = Data.swift; sourceTree = "<group>"; };
		9353CC731BDA127A00EAFCD6 /* Podfile */ = {isa = PBXFileReference; fileEncoding = 4; lastKnownFileType = text; path = Podfile; sourceTree = "<group>"; };
		9359960A1BD5AB8C0047EE9F /* PhotoLogger.app */ = {isa = PBXFileReference; explicitFileType = wrapper.application; includeInIndex = 0; path = PhotoLogger.app; sourceTree = BUILT_PRODUCTS_DIR; };
		9359960D1BD5AB8C0047EE9F /* AppDelegate.swift */ = {isa = PBXFileReference; lastKnownFileType = sourcecode.swift; path = AppDelegate.swift; sourceTree = "<group>"; };
		9359960F1BD5AB8C0047EE9F /* TargetViewController.swift */ = {isa = PBXFileReference; lastKnownFileType = sourcecode.swift; path = TargetViewController.swift; sourceTree = "<group>"; };
		935996141BD5AB8C0047EE9F /* Assets.xcassets */ = {isa = PBXFileReference; lastKnownFileType = folder.assetcatalog; path = Assets.xcassets; sourceTree = "<group>"; };
		935996171BD5AB8C0047EE9F /* Base */ = {isa = PBXFileReference; lastKnownFileType = file.storyboard; name = Base; path = Base.lproj/LaunchScreen.storyboard; sourceTree = "<group>"; };
		935996191BD5AB8C0047EE9F /* Info.plist */ = {isa = PBXFileReference; lastKnownFileType = text.plist.xml; path = Info.plist; sourceTree = "<group>"; };
		9359961E1BD5AB8D0047EE9F /* PhotoLoggerTests.xctest */ = {isa = PBXFileReference; explicitFileType = wrapper.cfbundle; includeInIndex = 0; path = PhotoLoggerTests.xctest; sourceTree = BUILT_PRODUCTS_DIR; };
		935996221BD5AB8D0047EE9F /* PhotoLoggerTests.swift */ = {isa = PBXFileReference; lastKnownFileType = sourcecode.swift; path = PhotoLoggerTests.swift; sourceTree = "<group>"; };
		935996241BD5AB8D0047EE9F /* Info.plist */ = {isa = PBXFileReference; lastKnownFileType = text.plist.xml; path = Info.plist; sourceTree = "<group>"; };
		935996311BD5EDC20047EE9F /* TargetTableViewCell.swift */ = {isa = PBXFileReference; fileEncoding = 4; lastKnownFileType = sourcecode.swift; path = TargetTableViewCell.swift; sourceTree = "<group>"; };
		935996331BD5F5A80047EE9F /* TargetTableViewController.swift */ = {isa = PBXFileReference; fileEncoding = 4; lastKnownFileType = sourcecode.swift; path = TargetTableViewController.swift; sourceTree = "<group>"; };
		936505A61BDF1FEF00A824E0 /* PhotoManager.swift */ = {isa = PBXFileReference; fileEncoding = 4; lastKnownFileType = sourcecode.swift; path = PhotoManager.swift; sourceTree = "<group>"; };
		936505AA1BE4843200A824E0 /* CameraViewController.swift */ = {isa = PBXFileReference; fileEncoding = 4; lastKnownFileType = sourcecode.swift; path = CameraViewController.swift; sourceTree = "<group>"; };
		9368DD4B1BEB9E5700F6E034 /* Constants.swift */ = {isa = PBXFileReference; fileEncoding = 4; lastKnownFileType = sourcecode.swift; path = Constants.swift; sourceTree = "<group>"; };
		939EBF811BDB4A3F00436BC0 /* PhotoViewController.swift */ = {isa = PBXFileReference; fileEncoding = 4; lastKnownFileType = sourcecode.swift; path = PhotoViewController.swift; sourceTree = "<group>"; };
		939EBF831BDB5D3400436BC0 /* Main.storyboard */ = {isa = PBXFileReference; fileEncoding = 4; lastKnownFileType = file.storyboard; path = Main.storyboard; sourceTree = "<group>"; };
		93C7FDA01BDA7B7A00AC1A3D /* StorageProtocol.swift */ = {isa = PBXFileReference; fileEncoding = 4; lastKnownFileType = sourcecode.swift; path = StorageProtocol.swift; sourceTree = "<group>"; };
		93C7FDA21BDA89F200AC1A3D /* Storage.swift */ = {isa = PBXFileReference; fileEncoding = 4; lastKnownFileType = sourcecode.swift; path = Storage.swift; sourceTree = "<group>"; };
		93CD87691BF69818003F836B /* LoadingOverlay.swift */ = {isa = PBXFileReference; fileEncoding = 4; lastKnownFileType = sourcecode.swift; path = LoadingOverlay.swift; sourceTree = "<group>"; };
		DC840323EFBAEABBAEAD193C /* Pods-PhotoLoggerTests.debug.xcconfig */ = {isa = PBXFileReference; includeInIndex = 1; lastKnownFileType = text.xcconfig; name = "Pods-PhotoLoggerTests.debug.xcconfig"; path = "Pods/Target Support Files/Pods-PhotoLoggerTests/Pods-PhotoLoggerTests.debug.xcconfig"; sourceTree = "<group>"; };
/* End PBXFileReference section */

/* Begin PBXFrameworksBuildPhase section */
		935996071BD5AB8C0047EE9F /* Frameworks */ = {
			isa = PBXFrameworksBuildPhase;
			buildActionMask = 2147483647;
			files = (
				9B237546C96723C1FD1B6A24 /* Pods_PhotoLogger.framework in Frameworks */,
			);
			runOnlyForDeploymentPostprocessing = 0;
		};
		9359961B1BD5AB8D0047EE9F /* Frameworks */ = {
			isa = PBXFrameworksBuildPhase;
			buildActionMask = 2147483647;
			files = (
				4268BFA2BDF6B9F9CA9E48AA /* Pods_PhotoLoggerTests.framework in Frameworks */,
			);
			runOnlyForDeploymentPostprocessing = 0;
		};
/* End PBXFrameworksBuildPhase section */

/* Begin PBXGroup section */
		1AC6187A87C9D958D55D8118 /* Frameworks */ = {
			isa = PBXGroup;
			children = (
				87AB316AE548E70671C965DA /* Pods_PhotoLogger.framework */,
				28515B89B06A8C6CADF22102 /* Pods_PhotoLoggerTests.framework */,
			);
			name = Frameworks;
			sourceTree = "<group>";
		};
		935996011BD5AB8C0047EE9F = {
			isa = PBXGroup;
			children = (
				9353CC731BDA127A00EAFCD6 /* Podfile */,
				9359960C1BD5AB8C0047EE9F /* PhotoLogger */,
				935996211BD5AB8D0047EE9F /* PhotoLoggerTests */,
				9359960B1BD5AB8C0047EE9F /* Products */,
				AFAFBFE6FA8C40D901618169 /* Pods */,
				1AC6187A87C9D958D55D8118 /* Frameworks */,
			);
			sourceTree = "<group>";
		};
		9359960B1BD5AB8C0047EE9F /* Products */ = {
			isa = PBXGroup;
			children = (
				9359960A1BD5AB8C0047EE9F /* PhotoLogger.app */,
				9359961E1BD5AB8D0047EE9F /* PhotoLoggerTests.xctest */,
			);
			name = Products;
			sourceTree = "<group>";
		};
		9359960C1BD5AB8C0047EE9F /* PhotoLogger */ = {
			isa = PBXGroup;
			children = (
				9359960D1BD5AB8C0047EE9F /* AppDelegate.swift */,
				939EBF831BDB5D3400436BC0 /* Main.storyboard */,
				9359960F1BD5AB8C0047EE9F /* TargetViewController.swift */,
				939EBF811BDB4A3F00436BC0 /* PhotoViewController.swift */,
				936505AA1BE4843200A824E0 /* CameraViewController.swift */,
				935996331BD5F5A80047EE9F /* TargetTableViewController.swift */,
				93CD87691BF69818003F836B /* LoadingOverlay.swift */,
				931165C01BD6468D00F1D32D /* PhotoTableViewController.swift */,
				935996311BD5EDC20047EE9F /* TargetTableViewCell.swift */,
				931165BE1BD6459400F1D32D /* PhotoTableViewCell.swift */,
				93C7FDA01BDA7B7A00AC1A3D /* StorageProtocol.swift */,
				93C7FDA21BDA89F200AC1A3D /* Storage.swift */,
				9368DD4B1BEB9E5700F6E034 /* Constants.swift */,
				932D92251BD855CC007AEBF0 /* Data.swift */,
				936505A61BDF1FEF00A824E0 /* PhotoManager.swift */,
				935996141BD5AB8C0047EE9F /* Assets.xcassets */,
				935996161BD5AB8C0047EE9F /* LaunchScreen.storyboard */,
				935996191BD5AB8C0047EE9F /* Info.plist */,
			);
			path = PhotoLogger;
			sourceTree = "<group>";
		};
		935996211BD5AB8D0047EE9F /* PhotoLoggerTests */ = {
			isa = PBXGroup;
			children = (
				935996221BD5AB8D0047EE9F /* PhotoLoggerTests.swift */,
				935996241BD5AB8D0047EE9F /* Info.plist */,
			);
			path = PhotoLoggerTests;
			sourceTree = "<group>";
		};
		AFAFBFE6FA8C40D901618169 /* Pods */ = {
			isa = PBXGroup;
			children = (
				8C40873B2A71B70A74A79743 /* Pods-PhotoLogger.debug.xcconfig */,
				786730243BD3F6AB47A9A35E /* Pods-PhotoLogger.release.xcconfig */,
				DC840323EFBAEABBAEAD193C /* Pods-PhotoLoggerTests.debug.xcconfig */,
				492079B1A99C6DDE48231E4D /* Pods-PhotoLoggerTests.release.xcconfig */,
			);
			name = Pods;
			sourceTree = "<group>";
		};
/* End PBXGroup section */

/* Begin PBXNativeTarget section */
		935996091BD5AB8C0047EE9F /* PhotoLogger */ = {
			isa = PBXNativeTarget;
			buildConfigurationList = 935996271BD5AB8D0047EE9F /* Build configuration list for PBXNativeTarget "PhotoLogger" */;
			buildPhases = (
				D1BE4C22116329D5C7F877E0 /* Check Pods Manifest.lock */,
				935996061BD5AB8C0047EE9F /* Sources */,
				935996071BD5AB8C0047EE9F /* Frameworks */,
				935996081BD5AB8C0047EE9F /* Resources */,
				932D922B1BD8ABF4007AEBF0 /* Embed Frameworks */,
				3D032B6C3A19B1455B1D1B47 /* Embed Pods Frameworks */,
				9833450C02441C0663659B8F /* Copy Pods Resources */,
			);
			buildRules = (
			);
			dependencies = (
			);
			name = PhotoLogger;
			productName = PhotoLogger;
			productReference = 9359960A1BD5AB8C0047EE9F /* PhotoLogger.app */;
			productType = "com.apple.product-type.application";
		};
		9359961D1BD5AB8D0047EE9F /* PhotoLoggerTests */ = {
			isa = PBXNativeTarget;
			buildConfigurationList = 9359962A1BD5AB8D0047EE9F /* Build configuration list for PBXNativeTarget "PhotoLoggerTests" */;
			buildPhases = (
				559B5D14FF347A7D4803BE78 /* Check Pods Manifest.lock */,
				9359961A1BD5AB8D0047EE9F /* Sources */,
				9359961B1BD5AB8D0047EE9F /* Frameworks */,
				9359961C1BD5AB8D0047EE9F /* Resources */,
				3F0320315474032BCE785A74 /* Embed Pods Frameworks */,
				972DBF3E8684E2B190FA4E12 /* Copy Pods Resources */,
			);
			buildRules = (
			);
			dependencies = (
				935996201BD5AB8D0047EE9F /* PBXTargetDependency */,
			);
			name = PhotoLoggerTests;
			productName = PhotoLoggerTests;
			productReference = 9359961E1BD5AB8D0047EE9F /* PhotoLoggerTests.xctest */;
			productType = "com.apple.product-type.bundle.unit-test";
		};
/* End PBXNativeTarget section */

/* Begin PBXProject section */
		935996021BD5AB8C0047EE9F /* Project object */ = {
			isa = PBXProject;
			attributes = {
				LastUpgradeCheck = 0700;
				ORGANIZATIONNAME = Tajika;
				TargetAttributes = {
					935996091BD5AB8C0047EE9F = {
						CreatedOnToolsVersion = 7.0.1;
						DevelopmentTeam = XP3HKSZM33;
					};
					9359961D1BD5AB8D0047EE9F = {
						CreatedOnToolsVersion = 7.0.1;
						TestTargetID = 935996091BD5AB8C0047EE9F;
					};
				};
			};
			buildConfigurationList = 935996051BD5AB8C0047EE9F /* Build configuration list for PBXProject "PhotoLogger" */;
			compatibilityVersion = "Xcode 3.2";
			developmentRegion = English;
			hasScannedForEncodings = 0;
			knownRegions = (
				en,
				Base,
			);
			mainGroup = 935996011BD5AB8C0047EE9F;
			productRefGroup = 9359960B1BD5AB8C0047EE9F /* Products */;
			projectDirPath = "";
			projectRoot = "";
			targets = (
				935996091BD5AB8C0047EE9F /* PhotoLogger */,
				9359961D1BD5AB8D0047EE9F /* PhotoLoggerTests */,
			);
		};
/* End PBXProject section */

/* Begin PBXResourcesBuildPhase section */
		935996081BD5AB8C0047EE9F /* Resources */ = {
			isa = PBXResourcesBuildPhase;
			buildActionMask = 2147483647;
			files = (
				935996181BD5AB8C0047EE9F /* LaunchScreen.storyboard in Resources */,
				935996151BD5AB8C0047EE9F /* Assets.xcassets in Resources */,
				9353CC741BDA127A00EAFCD6 /* Podfile in Resources */,
				939EBF841BDB5D3400436BC0 /* Main.storyboard in Resources */,
			);
			runOnlyForDeploymentPostprocessing = 0;
		};
		9359961C1BD5AB8D0047EE9F /* Resources */ = {
			isa = PBXResourcesBuildPhase;
			buildActionMask = 2147483647;
			files = (
			);
			runOnlyForDeploymentPostprocessing = 0;
		};
/* End PBXResourcesBuildPhase section */

/* Begin PBXShellScriptBuildPhase section */
		3D032B6C3A19B1455B1D1B47 /* Embed Pods Frameworks */ = {
			isa = PBXShellScriptBuildPhase;
			buildActionMask = 2147483647;
			files = (
			);
			inputPaths = (
			);
			name = "Embed Pods Frameworks";
			outputPaths = (
			);
			runOnlyForDeploymentPostprocessing = 0;
			shellPath = /bin/sh;
			shellScript = "\"${SRCROOT}/Pods/Target Support Files/Pods-PhotoLogger/Pods-PhotoLogger-frameworks.sh\"\n";
			showEnvVarsInLog = 0;
		};
		3F0320315474032BCE785A74 /* Embed Pods Frameworks */ = {
			isa = PBXShellScriptBuildPhase;
			buildActionMask = 2147483647;
			files = (
			);
			inputPaths = (
			);
			name = "Embed Pods Frameworks";
			outputPaths = (
			);
			runOnlyForDeploymentPostprocessing = 0;
			shellPath = /bin/sh;
			shellScript = "\"${SRCROOT}/Pods/Target Support Files/Pods-PhotoLoggerTests/Pods-PhotoLoggerTests-frameworks.sh\"\n";
			showEnvVarsInLog = 0;
		};
		559B5D14FF347A7D4803BE78 /* Check Pods Manifest.lock */ = {
			isa = PBXShellScriptBuildPhase;
			buildActionMask = 2147483647;
			files = (
			);
			inputPaths = (
			);
			name = "Check Pods Manifest.lock";
			outputPaths = (
			);
			runOnlyForDeploymentPostprocessing = 0;
			shellPath = /bin/sh;
			shellScript = "diff \"${PODS_ROOT}/../Podfile.lock\" \"${PODS_ROOT}/Manifest.lock\" > /dev/null\nif [[ $? != 0 ]] ; then\n    cat << EOM\nerror: The sandbox is not in sync with the Podfile.lock. Run 'pod install' or update your CocoaPods installation.\nEOM\n    exit 1\nfi\n";
			showEnvVarsInLog = 0;
		};
		972DBF3E8684E2B190FA4E12 /* Copy Pods Resources */ = {
			isa = PBXShellScriptBuildPhase;
			buildActionMask = 2147483647;
			files = (
			);
			inputPaths = (
			);
			name = "Copy Pods Resources";
			outputPaths = (
			);
			runOnlyForDeploymentPostprocessing = 0;
			shellPath = /bin/sh;
			shellScript = "\"${SRCROOT}/Pods/Target Support Files/Pods-PhotoLoggerTests/Pods-PhotoLoggerTests-resources.sh\"\n";
			showEnvVarsInLog = 0;
		};
		9833450C02441C0663659B8F /* Copy Pods Resources */ = {
			isa = PBXShellScriptBuildPhase;
			buildActionMask = 2147483647;
			files = (
			);
			inputPaths = (
			);
			name = "Copy Pods Resources";
			outputPaths = (
			);
			runOnlyForDeploymentPostprocessing = 0;
			shellPath = /bin/sh;
			shellScript = "\"${SRCROOT}/Pods/Target Support Files/Pods-PhotoLogger/Pods-PhotoLogger-resources.sh\"\n";
			showEnvVarsInLog = 0;
		};
		D1BE4C22116329D5C7F877E0 /* Check Pods Manifest.lock */ = {
			isa = PBXShellScriptBuildPhase;
			buildActionMask = 2147483647;
			files = (
			);
			inputPaths = (
			);
			name = "Check Pods Manifest.lock";
			outputPaths = (
			);
			runOnlyForDeploymentPostprocessing = 0;
			shellPath = /bin/sh;
			shellScript = "diff \"${PODS_ROOT}/../Podfile.lock\" \"${PODS_ROOT}/Manifest.lock\" > /dev/null\nif [[ $? != 0 ]] ; then\n    cat << EOM\nerror: The sandbox is not in sync with the Podfile.lock. Run 'pod install' or update your CocoaPods installation.\nEOM\n    exit 1\nfi\n";
			showEnvVarsInLog = 0;
		};
/* End PBXShellScriptBuildPhase section */

/* Begin PBXSourcesBuildPhase section */
		935996061BD5AB8C0047EE9F /* Sources */ = {
			isa = PBXSourcesBuildPhase;
			buildActionMask = 2147483647;
			files = (
				93C7FDA31BDA89F200AC1A3D /* Storage.swift in Sources */,
				931165BF1BD6459400F1D32D /* PhotoTableViewCell.swift in Sources */,
				936505A71BDF1FEF00A824E0 /* PhotoManager.swift in Sources */,
				931165C11BD6468D00F1D32D /* PhotoTableViewController.swift in Sources */,
				935996341BD5F5A80047EE9F /* TargetTableViewController.swift in Sources */,
				936505AB1BE4843300A824E0 /* CameraViewController.swift in Sources */,
				932D92261BD855CC007AEBF0 /* Data.swift in Sources */,
				9368DD4C1BEB9E5700F6E034 /* Constants.swift in Sources */,
				935996321BD5EDC20047EE9F /* TargetTableViewCell.swift in Sources */,
				93C7FDA11BDA7B7A00AC1A3D /* StorageProtocol.swift in Sources */,
				935996101BD5AB8C0047EE9F /* TargetViewController.swift in Sources */,
				93CD876A1BF69818003F836B /* LoadingOverlay.swift in Sources */,
				9359960E1BD5AB8C0047EE9F /* AppDelegate.swift in Sources */,
				939EBF821BDB4A3F00436BC0 /* PhotoViewController.swift in Sources */,
			);
			runOnlyForDeploymentPostprocessing = 0;
		};
		9359961A1BD5AB8D0047EE9F /* Sources */ = {
			isa = PBXSourcesBuildPhase;
			buildActionMask = 2147483647;
			files = (
				935996231BD5AB8D0047EE9F /* PhotoLoggerTests.swift in Sources */,
			);
			runOnlyForDeploymentPostprocessing = 0;
		};
/* End PBXSourcesBuildPhase section */

/* Begin PBXTargetDependency section */
		935996201BD5AB8D0047EE9F /* PBXTargetDependency */ = {
			isa = PBXTargetDependency;
			target = 935996091BD5AB8C0047EE9F /* PhotoLogger */;
			targetProxy = 9359961F1BD5AB8D0047EE9F /* PBXContainerItemProxy */;
		};
/* End PBXTargetDependency section */

/* Begin PBXVariantGroup section */
		935996161BD5AB8C0047EE9F /* LaunchScreen.storyboard */ = {
			isa = PBXVariantGroup;
			children = (
				935996171BD5AB8C0047EE9F /* Base */,
			);
			name = LaunchScreen.storyboard;
			sourceTree = "<group>";
		};
/* End PBXVariantGroup section */

/* Begin XCBuildConfiguration section */
		935996251BD5AB8D0047EE9F /* Debug */ = {
			isa = XCBuildConfiguration;
			buildSettings = {
				ALWAYS_SEARCH_USER_PATHS = NO;
				CLANG_CXX_LANGUAGE_STANDARD = "gnu++0x";
				CLANG_CXX_LIBRARY = "libc++";
				CLANG_ENABLE_MODULES = YES;
				CLANG_ENABLE_OBJC_ARC = YES;
				CLANG_WARN_BOOL_CONVERSION = YES;
				CLANG_WARN_CONSTANT_CONVERSION = YES;
				CLANG_WARN_DIRECT_OBJC_ISA_USAGE = YES_ERROR;
				CLANG_WARN_EMPTY_BODY = YES;
				CLANG_WARN_ENUM_CONVERSION = YES;
				CLANG_WARN_INT_CONVERSION = YES;
				CLANG_WARN_OBJC_ROOT_CLASS = YES_ERROR;
				CLANG_WARN_UNREACHABLE_CODE = YES;
				CLANG_WARN__DUPLICATE_METHOD_MATCH = YES;
				"CODE_SIGN_IDENTITY[sdk=iphoneos*]" = "iPhone Developer";
				COPY_PHASE_STRIP = NO;
				DEBUG_INFORMATION_FORMAT = dwarf;
				ENABLE_STRICT_OBJC_MSGSEND = YES;
				ENABLE_TESTABILITY = YES;
				GCC_C_LANGUAGE_STANDARD = gnu99;
				GCC_DYNAMIC_NO_PIC = NO;
				GCC_NO_COMMON_BLOCKS = YES;
				GCC_OPTIMIZATION_LEVEL = 0;
				GCC_PREPROCESSOR_DEFINITIONS = (
					"DEBUG=1",
					"$(inherited)",
				);
				GCC_WARN_64_TO_32_BIT_CONVERSION = YES;
				GCC_WARN_ABOUT_RETURN_TYPE = YES_ERROR;
				GCC_WARN_UNDECLARED_SELECTOR = YES;
				GCC_WARN_UNINITIALIZED_AUTOS = YES_AGGRESSIVE;
				GCC_WARN_UNUSED_FUNCTION = YES;
				GCC_WARN_UNUSED_VARIABLE = YES;
				IPHONEOS_DEPLOYMENT_TARGET = 9.0;
				MTL_ENABLE_DEBUG_INFO = YES;
				ONLY_ACTIVE_ARCH = YES;
				SDKROOT = iphoneos;
				SWIFT_OPTIMIZATION_LEVEL = "-Onone";
				TARGETED_DEVICE_FAMILY = "1,2";
			};
			name = Debug;
		};
		935996261BD5AB8D0047EE9F /* Release */ = {
			isa = XCBuildConfiguration;
			buildSettings = {
				ALWAYS_SEARCH_USER_PATHS = NO;
				CLANG_CXX_LANGUAGE_STANDARD = "gnu++0x";
				CLANG_CXX_LIBRARY = "libc++";
				CLANG_ENABLE_MODULES = YES;
				CLANG_ENABLE_OBJC_ARC = YES;
				CLANG_WARN_BOOL_CONVERSION = YES;
				CLANG_WARN_CONSTANT_CONVERSION = YES;
				CLANG_WARN_DIRECT_OBJC_ISA_USAGE = YES_ERROR;
				CLANG_WARN_EMPTY_BODY = YES;
				CLANG_WARN_ENUM_CONVERSION = YES;
				CLANG_WARN_INT_CONVERSION = YES;
				CLANG_WARN_OBJC_ROOT_CLASS = YES_ERROR;
				CLANG_WARN_UNREACHABLE_CODE = YES;
				CLANG_WARN__DUPLICATE_METHOD_MATCH = YES;
				"CODE_SIGN_IDENTITY[sdk=iphoneos*]" = "iPhone Developer";
				COPY_PHASE_STRIP = NO;
				DEBUG_INFORMATION_FORMAT = "dwarf-with-dsym";
				ENABLE_NS_ASSERTIONS = NO;
				ENABLE_STRICT_OBJC_MSGSEND = YES;
				GCC_C_LANGUAGE_STANDARD = gnu99;
				GCC_NO_COMMON_BLOCKS = YES;
				GCC_WARN_64_TO_32_BIT_CONVERSION = YES;
				GCC_WARN_ABOUT_RETURN_TYPE = YES_ERROR;
				GCC_WARN_UNDECLARED_SELECTOR = YES;
				GCC_WARN_UNINITIALIZED_AUTOS = YES_AGGRESSIVE;
				GCC_WARN_UNUSED_FUNCTION = YES;
				GCC_WARN_UNUSED_VARIABLE = YES;
				IPHONEOS_DEPLOYMENT_TARGET = 9.0;
				MTL_ENABLE_DEBUG_INFO = NO;
				SDKROOT = iphoneos;
				TARGETED_DEVICE_FAMILY = "1,2";
				VALIDATE_PRODUCT = YES;
			};
			name = Release;
		};
		935996281BD5AB8D0047EE9F /* Debug */ = {
			isa = XCBuildConfiguration;
			baseConfigurationReference = 8C40873B2A71B70A74A79743 /* Pods-PhotoLogger.debug.xcconfig */;
			buildSettings = {
				ASSETCATALOG_COMPILER_APPICON_NAME = AppIcon;
				CODE_SIGN_IDENTITY = "iPhone Developer";
				"CODE_SIGN_IDENTITY[sdk=iphoneos*]" = "iPhone Developer";
				FRAMEWORK_SEARCH_PATHS = (
					"$(inherited)",
					"$(PROJECT_DIR)",
				);
				INFOPLIST_FILE = PhotoLogger/Info.plist;
				LD_RUNPATH_SEARCH_PATHS = "$(inherited) @executable_path/Frameworks";
				PRODUCT_BUNDLE_IDENTIFIER = com.engideer.PhotoLogger;
				PRODUCT_NAME = "$(TARGET_NAME)";
				PROVISIONING_PROFILE = "";
				TARGETED_DEVICE_FAMILY = "1,2";
			};
			name = Debug;
		};
		935996291BD5AB8D0047EE9F /* Release */ = {
			isa = XCBuildConfiguration;
			baseConfigurationReference = 786730243BD3F6AB47A9A35E /* Pods-PhotoLogger.release.xcconfig */;
			buildSettings = {
				ASSETCATALOG_COMPILER_APPICON_NAME = AppIcon;
				CODE_SIGN_IDENTITY = "iPhone Developer";
				"CODE_SIGN_IDENTITY[sdk=iphoneos*]" = "iPhone Developer";
				FRAMEWORK_SEARCH_PATHS = (
					"$(inherited)",
					"$(PROJECT_DIR)",
				);
				INFOPLIST_FILE = PhotoLogger/Info.plist;
				LD_RUNPATH_SEARCH_PATHS = "$(inherited) @executable_path/Frameworks";
				PRODUCT_BUNDLE_IDENTIFIER = com.engideer.PhotoLogger;
				PRODUCT_NAME = "$(TARGET_NAME)";
				PROVISIONING_PROFILE = "";
				TARGETED_DEVICE_FAMILY = "1,2";
			};
			name = Release;
		};
		9359962B1BD5AB8D0047EE9F /* Debug */ = {
			isa = XCBuildConfiguration;
			baseConfigurationReference = DC840323EFBAEABBAEAD193C /* Pods-PhotoLoggerTests.debug.xcconfig */;
			buildSettings = {
				BUNDLE_LOADER = "$(TEST_HOST)";
				INFOPLIST_FILE = PhotoLoggerTests/Info.plist;
				LD_RUNPATH_SEARCH_PATHS = "$(inherited) @executable_path/Frameworks @loader_path/Frameworks";
				PRODUCT_BUNDLE_IDENTIFIER = com.engideer.PhotoLoggerTests;
				PRODUCT_NAME = "$(TARGET_NAME)";
				TEST_HOST = "$(BUILT_PRODUCTS_DIR)/PhotoLogger.app/PhotoLogger";
			};
			name = Debug;
		};
		9359962C1BD5AB8D0047EE9F /* Release */ = {
			isa = XCBuildConfiguration;
			baseConfigurationReference = 492079B1A99C6DDE48231E4D /* Pods-PhotoLoggerTests.release.xcconfig */;
			buildSettings = {
				BUNDLE_LOADER = "$(TEST_HOST)";
				INFOPLIST_FILE = PhotoLoggerTests/Info.plist;
				LD_RUNPATH_SEARCH_PATHS = "$(inherited) @executable_path/Frameworks @loader_path/Frameworks";
				PRODUCT_BUNDLE_IDENTIFIER = com.engideer.PhotoLoggerTests;
				PRODUCT_NAME = "$(TARGET_NAME)";
				TEST_HOST = "$(BUILT_PRODUCTS_DIR)/PhotoLogger.app/PhotoLogger";
			};
			name = Release;
		};
/* End XCBuildConfiguration section */

/* Begin XCConfigurationList section */
		935996051BD5AB8C0047EE9F /* Build configuration list for PBXProject "PhotoLogger" */ = {
			isa = XCConfigurationList;
			buildConfigurations = (
				935996251BD5AB8D0047EE9F /* Debug */,
				935996261BD5AB8D0047EE9F /* Release */,
			);
			defaultConfigurationIsVisible = 0;
			defaultConfigurationName = Release;
		};
		935996271BD5AB8D0047EE9F /* Build configuration list for PBXNativeTarget "PhotoLogger" */ = {
			isa = XCConfigurationList;
			buildConfigurations = (
				935996281BD5AB8D0047EE9F /* Debug */,
				935996291BD5AB8D0047EE9F /* Release */,
			);
			defaultConfigurationIsVisible = 0;
			defaultConfigurationName = Release;
		};
		9359962A1BD5AB8D0047EE9F /* Build configuration list for PBXNativeTarget "PhotoLoggerTests" */ = {
			isa = XCConfigurationList;
			buildConfigurations = (
				9359962B1BD5AB8D0047EE9F /* Debug */,
				9359962C1BD5AB8D0047EE9F /* Release */,
			);
			defaultConfigurationIsVisible = 0;
			defaultConfigurationName = Release;
		};
/* End XCConfigurationList section */
	};
	rootObject = 935996021BD5AB8C0047EE9F /* Project object */;
}
